// !$*UTF8*$!
{
	archiveVersion = 1;
	classes = {
	};
	objectVersion = 55;
	objects = {

/* Begin PBXBuildFile section */
		03856E9BEDD70AB672B5BD76 /* Pods_FindTeamerTests.framework in Frameworks */ = {isa = PBXBuildFile; fileRef = CBB181EC2E3C89C7B5D9132C /* Pods_FindTeamerTests.framework */; };
		44177A9645EB65DAE6B503E5 /* Pods_FindTeamer_FindTeamerUITests.framework in Frameworks */ = {isa = PBXBuildFile; fileRef = 5645F92DE7D85FC5457E538C /* Pods_FindTeamer_FindTeamerUITests.framework */; };
		6901378A28E4B2B900DC9DDE /* LogInModel.swift in Sources */ = {isa = PBXBuildFile; fileRef = 6901378928E4B2B900DC9DDE /* LogInModel.swift */; };
		6901379028E4B2ED00DC9DDE /* LogInViewModel.swift in Sources */ = {isa = PBXBuildFile; fileRef = 6901378F28E4B2ED00DC9DDE /* LogInViewModel.swift */; };
		690C16DB28B3B5C4003B9CCE /* AlertModel.swift in Sources */ = {isa = PBXBuildFile; fileRef = 690C16DA28B3B5C4003B9CCE /* AlertModel.swift */; };
		6914668228ABCCA5003C2222 /* SignUpModel.swift in Sources */ = {isa = PBXBuildFile; fileRef = 6914668128ABCCA5003C2222 /* SignUpModel.swift */; };
		69167CBD28E0BDDA000E1D1F /* SingUpViewModel.swift in Sources */ = {isa = PBXBuildFile; fileRef = 69167CBC28E0BDDA000E1D1F /* SingUpViewModel.swift */; };
		691A011128C0B12A00E09018 /* EventsViewModel.swift in Sources */ = {isa = PBXBuildFile; fileRef = 691A011028C0B12A00E09018 /* EventsViewModel.swift */; };
		691A011428C2248F00E09018 /* MainComponents.swift in Sources */ = {isa = PBXBuildFile; fileRef = 691A011328C2248F00E09018 /* MainComponents.swift */; };
		691A011828C2323900E09018 /* EventDetailsView.swift in Sources */ = {isa = PBXBuildFile; fileRef = 691A011728C2323900E09018 /* EventDetailsView.swift */; };
		691A011D28CB44E900E09018 /* EmailHelper.swift in Sources */ = {isa = PBXBuildFile; fileRef = 691A011C28CB44E900E09018 /* EmailHelper.swift */; };
		691A011F28CF1B9700E09018 /* RootViewModel.swift in Sources */ = {isa = PBXBuildFile; fileRef = 691A011E28CF1B9700E09018 /* RootViewModel.swift */; };
		691A012128CF23A200E09018 /* RootView.swift in Sources */ = {isa = PBXBuildFile; fileRef = 691A012028CF23A200E09018 /* RootView.swift */; };
		69327C2328AB7E8C004F7C99 /* LoginView.swift in Sources */ = {isa = PBXBuildFile; fileRef = 69327C2228AB7E8C004F7C99 /* LoginView.swift */; };
		69327C2528AB8B2E004F7C99 /* GoogleService-Info.plist in Resources */ = {isa = PBXBuildFile; fileRef = 69327C2428AB8B2E004F7C99 /* GoogleService-Info.plist */; };
		69327C2828AB8BE1004F7C99 /* FirebaseAuth in Frameworks */ = {isa = PBXBuildFile; productRef = 69327C2728AB8BE1004F7C99 /* FirebaseAuth */; };
		69327C2A28AB9E57004F7C99 /* SignUpView.swift in Sources */ = {isa = PBXBuildFile; fileRef = 69327C2928AB9E57004F7C99 /* SignUpView.swift */; };
		693D8D6128B3A454005FE83C /* FirebaseManager.swift in Sources */ = {isa = PBXBuildFile; fileRef = 693D8D6028B3A454005FE83C /* FirebaseManager.swift */; };
		693FF4A028BB756500CDBBFE /* CreateEventView.swift in Sources */ = {isa = PBXBuildFile; fileRef = 693FF49F28BB756500CDBBFE /* CreateEventView.swift */; };
		693FF4A328BB780C00CDBBFE /* FirebaseAuth in Frameworks */ = {isa = PBXBuildFile; productRef = 693FF4A228BB780C00CDBBFE /* FirebaseAuth */; };
		693FF4A528BB780C00CDBBFE /* FirebaseDatabase in Frameworks */ = {isa = PBXBuildFile; productRef = 693FF4A428BB780C00CDBBFE /* FirebaseDatabase */; };
		693FF4A728BB780C00CDBBFE /* FirebaseFirestore in Frameworks */ = {isa = PBXBuildFile; productRef = 693FF4A628BB780C00CDBBFE /* FirebaseFirestore */; };
		693FF4A928BB780C00CDBBFE /* FirebaseStorage in Frameworks */ = {isa = PBXBuildFile; productRef = 693FF4A828BB780C00CDBBFE /* FirebaseStorage */; };
		693FF4AB28BB800C00CDBBFE /* CommonComponents.swift in Sources */ = {isa = PBXBuildFile; fileRef = 693FF4AA28BB800C00CDBBFE /* CommonComponents.swift */; };
		693FF4AD28BB8AE400CDBBFE /* EventViewModel.swift in Sources */ = {isa = PBXBuildFile; fileRef = 693FF4AC28BB8AE400CDBBFE /* EventViewModel.swift */; };
		693FF4B028BB8B1B00CDBBFE /* EventModel.swift in Sources */ = {isa = PBXBuildFile; fileRef = 693FF4AF28BB8B1B00CDBBFE /* EventModel.swift */; };
		693FF4E628BCDA2F00CDBBFE /* Pods-FindTeamer in Frameworks */ = {isa = PBXBuildFile; fileRef = 693FF4E128BCDA2700CDBBFE /* Pods-FindTeamer */; };
		694C1CEA28CF65A9002D95EB /* FirebaseFirestoreSwift-Beta in Frameworks */ = {isa = PBXBuildFile; productRef = 694C1CE928CF65A9002D95EB /* FirebaseFirestoreSwift-Beta */; };
		69716CAC28B5143700520ECF /* MainContentView.swift in Sources */ = {isa = PBXBuildFile; fileRef = 69716CAB28B5143700520ECF /* MainContentView.swift */; };
		697CF59028E475D500D5E5F9 /* SignUpModelValidator.swift in Sources */ = {isa = PBXBuildFile; fileRef = 697CF58F28E475D500D5E5F9 /* SignUpModelValidator.swift */; };
		69C92F5628A3D86D00F2E878 /* FindTeamerApp.swift in Sources */ = {isa = PBXBuildFile; fileRef = 69C92F5528A3D86D00F2E878 /* FindTeamerApp.swift */; };
		69C92F5A28A3D86F00F2E878 /* Assets.xcassets in Resources */ = {isa = PBXBuildFile; fileRef = 69C92F5928A3D86F00F2E878 /* Assets.xcassets */; };
		69C92F5D28A3D86F00F2E878 /* Preview Assets.xcassets in Resources */ = {isa = PBXBuildFile; fileRef = 69C92F5C28A3D86F00F2E878 /* Preview Assets.xcassets */; };
		69C92F5F28A3D86F00F2E878 /* Persistence.swift in Sources */ = {isa = PBXBuildFile; fileRef = 69C92F5E28A3D86F00F2E878 /* Persistence.swift */; };
		69C92F6228A3D86F00F2E878 /* FindTeamer.xcdatamodeld in Sources */ = {isa = PBXBuildFile; fileRef = 69C92F6028A3D86F00F2E878 /* FindTeamer.xcdatamodeld */; };
		69C92F6C28A3D86F00F2E878 /* FindTeamerTests.swift in Sources */ = {isa = PBXBuildFile; fileRef = 69C92F6B28A3D86F00F2E878 /* FindTeamerTests.swift */; };
		69C92F7628A3D86F00F2E878 /* FindTeamerUITests.swift in Sources */ = {isa = PBXBuildFile; fileRef = 69C92F7528A3D86F00F2E878 /* FindTeamerUITests.swift */; };
		69C92F7828A3D86F00F2E878 /* FindTeamerUITestsLaunchTests.swift in Sources */ = {isa = PBXBuildFile; fileRef = 69C92F7728A3D86F00F2E878 /* FindTeamerUITestsLaunchTests.swift */; };
		D072E0BB28AE53D000FE0D41 /* ErrorSelection.swift in Sources */ = {isa = PBXBuildFile; fileRef = D072E0BA28AE53D000FE0D41 /* ErrorSelection.swift */; };
		DF155732D05A4342DB5C5F39 /* Pods_FindTeamer.framework in Frameworks */ = {isa = PBXBuildFile; fileRef = 7D7CA5C17C0D7DC039B8338E /* Pods_FindTeamer.framework */; };
/* End PBXBuildFile section */

/* Begin PBXContainerItemProxy section */
		693FF4E028BCDA2700CDBBFE /* PBXContainerItemProxy */ = {
			isa = PBXContainerItemProxy;
			containerPortal = 693FF4B428BCDA2600CDBBFE /* Pods.xcodeproj */;
			proxyType = 2;
			remoteGlobalIDString = AD31CD4939B1C844F0F6545E9BE40522;
			remoteInfo = "Pods-FindTeamer";
		};
		693FF4E228BCDA2700CDBBFE /* PBXContainerItemProxy */ = {
			isa = PBXContainerItemProxy;
			containerPortal = 693FF4B428BCDA2600CDBBFE /* Pods.xcodeproj */;
			proxyType = 2;
			remoteGlobalIDString = FF649514BE22CBE82EC77F683BA7EABB;
			remoteInfo = "Pods-FindTeamer-FindTeamerUITests";
		};
		693FF4E428BCDA2700CDBBFE /* PBXContainerItemProxy */ = {
			isa = PBXContainerItemProxy;
			containerPortal = 693FF4B428BCDA2600CDBBFE /* Pods.xcodeproj */;
			proxyType = 2;
			remoteGlobalIDString = D50DAA5A9D4ABBAF95A60E6D734F4D77;
			remoteInfo = "Pods-FindTeamerTests";
		};
		69C92F6828A3D86F00F2E878 /* PBXContainerItemProxy */ = {
			isa = PBXContainerItemProxy;
			containerPortal = 69C92F4A28A3D86D00F2E878 /* Project object */;
			proxyType = 1;
			remoteGlobalIDString = 69C92F5128A3D86D00F2E878;
			remoteInfo = FindTeamer;
		};
		69C92F7228A3D86F00F2E878 /* PBXContainerItemProxy */ = {
			isa = PBXContainerItemProxy;
			containerPortal = 69C92F4A28A3D86D00F2E878 /* Project object */;
			proxyType = 1;
			remoteGlobalIDString = 69C92F5128A3D86D00F2E878;
			remoteInfo = FindTeamer;
		};
/* End PBXContainerItemProxy section */

/* Begin PBXFileReference section */
		26389BC0B14AEDC5784EB648 /* Pods-FindTeamer.release.xcconfig */ = {isa = PBXFileReference; includeInIndex = 1; lastKnownFileType = text.xcconfig; name = "Pods-FindTeamer.release.xcconfig"; path = "Target Support Files/Pods-FindTeamer/Pods-FindTeamer.release.xcconfig"; sourceTree = "<group>"; };
		4DD438B02DADA8200452B4F8 /* Pods-FindTeamerTests.debug.xcconfig */ = {isa = PBXFileReference; includeInIndex = 1; lastKnownFileType = text.xcconfig; name = "Pods-FindTeamerTests.debug.xcconfig"; path = "Target Support Files/Pods-FindTeamerTests/Pods-FindTeamerTests.debug.xcconfig"; sourceTree = "<group>"; };
		5645F92DE7D85FC5457E538C /* Pods_FindTeamer_FindTeamerUITests.framework */ = {isa = PBXFileReference; explicitFileType = wrapper.framework; includeInIndex = 0; path = Pods_FindTeamer_FindTeamerUITests.framework; sourceTree = BUILT_PRODUCTS_DIR; };
		65936D161F62317BFBB284E6 /* Pods-FindTeamer-FindTeamerUITests.debug.xcconfig */ = {isa = PBXFileReference; includeInIndex = 1; lastKnownFileType = text.xcconfig; name = "Pods-FindTeamer-FindTeamerUITests.debug.xcconfig"; path = "Target Support Files/Pods-FindTeamer-FindTeamerUITests/Pods-FindTeamer-FindTeamerUITests.debug.xcconfig"; sourceTree = "<group>"; };
		6901378928E4B2B900DC9DDE /* LogInModel.swift */ = {isa = PBXFileReference; lastKnownFileType = sourcecode.swift; path = LogInModel.swift; sourceTree = "<group>"; };
		6901378F28E4B2ED00DC9DDE /* LogInViewModel.swift */ = {isa = PBXFileReference; lastKnownFileType = sourcecode.swift; path = LogInViewModel.swift; sourceTree = "<group>"; };
		690C16DA28B3B5C4003B9CCE /* AlertModel.swift */ = {isa = PBXFileReference; lastKnownFileType = sourcecode.swift; path = AlertModel.swift; sourceTree = "<group>"; };
		6914668128ABCCA5003C2222 /* SignUpModel.swift */ = {isa = PBXFileReference; lastKnownFileType = sourcecode.swift; path = SignUpModel.swift; sourceTree = "<group>"; };
		69167CBC28E0BDDA000E1D1F /* SingUpViewModel.swift */ = {isa = PBXFileReference; lastKnownFileType = sourcecode.swift; path = SingUpViewModel.swift; sourceTree = "<group>"; };
		691A011028C0B12A00E09018 /* EventsViewModel.swift */ = {isa = PBXFileReference; lastKnownFileType = sourcecode.swift; path = EventsViewModel.swift; sourceTree = "<group>"; };
		691A011328C2248F00E09018 /* MainComponents.swift */ = {isa = PBXFileReference; lastKnownFileType = sourcecode.swift; path = MainComponents.swift; sourceTree = "<group>"; };
		691A011728C2323900E09018 /* EventDetailsView.swift */ = {isa = PBXFileReference; lastKnownFileType = sourcecode.swift; path = EventDetailsView.swift; sourceTree = "<group>"; };
		691A011C28CB44E900E09018 /* EmailHelper.swift */ = {isa = PBXFileReference; lastKnownFileType = sourcecode.swift; path = EmailHelper.swift; sourceTree = "<group>"; };
		691A011E28CF1B9700E09018 /* RootViewModel.swift */ = {isa = PBXFileReference; lastKnownFileType = sourcecode.swift; path = RootViewModel.swift; sourceTree = "<group>"; };
		691A012028CF23A200E09018 /* RootView.swift */ = {isa = PBXFileReference; lastKnownFileType = sourcecode.swift; path = RootView.swift; sourceTree = "<group>"; };
		69327C2228AB7E8C004F7C99 /* LoginView.swift */ = {isa = PBXFileReference; lastKnownFileType = sourcecode.swift; path = LoginView.swift; sourceTree = "<group>"; };
		69327C2428AB8B2E004F7C99 /* GoogleService-Info.plist */ = {isa = PBXFileReference; fileEncoding = 4; lastKnownFileType = text.plist.xml; path = "GoogleService-Info.plist"; sourceTree = "<group>"; };
		69327C2928AB9E57004F7C99 /* SignUpView.swift */ = {isa = PBXFileReference; lastKnownFileType = sourcecode.swift; path = SignUpView.swift; sourceTree = "<group>"; };
		693D8D6028B3A454005FE83C /* FirebaseManager.swift */ = {isa = PBXFileReference; lastKnownFileType = sourcecode.swift; path = FirebaseManager.swift; sourceTree = "<group>"; };
		693FF49F28BB756500CDBBFE /* CreateEventView.swift */ = {isa = PBXFileReference; lastKnownFileType = sourcecode.swift; path = CreateEventView.swift; sourceTree = "<group>"; };
		693FF4AA28BB800C00CDBBFE /* CommonComponents.swift */ = {isa = PBXFileReference; lastKnownFileType = sourcecode.swift; path = CommonComponents.swift; sourceTree = "<group>"; };
		693FF4AC28BB8AE400CDBBFE /* EventViewModel.swift */ = {isa = PBXFileReference; lastKnownFileType = sourcecode.swift; path = EventViewModel.swift; sourceTree = "<group>"; };
		693FF4AF28BB8B1B00CDBBFE /* EventModel.swift */ = {isa = PBXFileReference; lastKnownFileType = sourcecode.swift; path = EventModel.swift; sourceTree = "<group>"; };
		693FF4B428BCDA2600CDBBFE /* Pods.xcodeproj */ = {isa = PBXFileReference; lastKnownFileType = "wrapper.pb-project"; path = Pods.xcodeproj; sourceTree = "<group>"; };
		693FF4B928BCDA2700CDBBFE /* Pods-FindTeamer-umbrella.h */ = {isa = PBXFileReference; lastKnownFileType = sourcecode.c.h; path = "Pods-FindTeamer-umbrella.h"; sourceTree = "<group>"; };
		693FF4BA28BCDA2700CDBBFE /* Pods-FindTeamer.debug.xcconfig */ = {isa = PBXFileReference; lastKnownFileType = text.xcconfig; path = "Pods-FindTeamer.debug.xcconfig"; sourceTree = "<group>"; };
		693FF4BB28BCDA2700CDBBFE /* Pods-FindTeamer-Info.plist */ = {isa = PBXFileReference; lastKnownFileType = text.plist.xml; path = "Pods-FindTeamer-Info.plist"; sourceTree = "<group>"; };
		693FF4BC28BCDA2700CDBBFE /* Pods-FindTeamer.modulemap */ = {isa = PBXFileReference; lastKnownFileType = "sourcecode.module-map"; path = "Pods-FindTeamer.modulemap"; sourceTree = "<group>"; };
		693FF4BD28BCDA2700CDBBFE /* Pods-FindTeamer-acknowledgements.markdown */ = {isa = PBXFileReference; lastKnownFileType = net.daringfireball.markdown; path = "Pods-FindTeamer-acknowledgements.markdown"; sourceTree = "<group>"; };
		693FF4BE28BCDA2700CDBBFE /* Pods-FindTeamer-dummy.m */ = {isa = PBXFileReference; lastKnownFileType = sourcecode.c.objc; path = "Pods-FindTeamer-dummy.m"; sourceTree = "<group>"; };
		693FF4BF28BCDA2700CDBBFE /* Pods-FindTeamer.release.xcconfig */ = {isa = PBXFileReference; lastKnownFileType = text.xcconfig; path = "Pods-FindTeamer.release.xcconfig"; sourceTree = "<group>"; };
		693FF4C028BCDA2700CDBBFE /* Pods-FindTeamer-acknowledgements.plist */ = {isa = PBXFileReference; lastKnownFileType = text.plist.xml; path = "Pods-FindTeamer-acknowledgements.plist"; sourceTree = "<group>"; };
		693FF4C228BCDA2700CDBBFE /* Pods-FindTeamerTests.debug.xcconfig */ = {isa = PBXFileReference; lastKnownFileType = text.xcconfig; path = "Pods-FindTeamerTests.debug.xcconfig"; sourceTree = "<group>"; };
		693FF4C328BCDA2700CDBBFE /* Pods-FindTeamerTests.modulemap */ = {isa = PBXFileReference; lastKnownFileType = "sourcecode.module-map"; path = "Pods-FindTeamerTests.modulemap"; sourceTree = "<group>"; };
		693FF4C428BCDA2700CDBBFE /* Pods-FindTeamerTests-acknowledgements.plist */ = {isa = PBXFileReference; lastKnownFileType = text.plist.xml; path = "Pods-FindTeamerTests-acknowledgements.plist"; sourceTree = "<group>"; };
		693FF4C528BCDA2700CDBBFE /* Pods-FindTeamerTests-Info.plist */ = {isa = PBXFileReference; lastKnownFileType = text.plist.xml; path = "Pods-FindTeamerTests-Info.plist"; sourceTree = "<group>"; };
		693FF4C628BCDA2700CDBBFE /* Pods-FindTeamerTests.release.xcconfig */ = {isa = PBXFileReference; lastKnownFileType = text.xcconfig; path = "Pods-FindTeamerTests.release.xcconfig"; sourceTree = "<group>"; };
		693FF4C728BCDA2700CDBBFE /* Pods-FindTeamerTests-umbrella.h */ = {isa = PBXFileReference; lastKnownFileType = sourcecode.c.h; path = "Pods-FindTeamerTests-umbrella.h"; sourceTree = "<group>"; };
		693FF4C828BCDA2700CDBBFE /* Pods-FindTeamerTests-acknowledgements.markdown */ = {isa = PBXFileReference; lastKnownFileType = net.daringfireball.markdown; path = "Pods-FindTeamerTests-acknowledgements.markdown"; sourceTree = "<group>"; };
		693FF4C928BCDA2700CDBBFE /* Pods-FindTeamerTests-dummy.m */ = {isa = PBXFileReference; lastKnownFileType = sourcecode.c.objc; path = "Pods-FindTeamerTests-dummy.m"; sourceTree = "<group>"; };
		693FF4CB28BCDA2700CDBBFE /* Pods-FindTeamer-FindTeamerUITests.modulemap */ = {isa = PBXFileReference; lastKnownFileType = "sourcecode.module-map"; path = "Pods-FindTeamer-FindTeamerUITests.modulemap"; sourceTree = "<group>"; };
		693FF4CC28BCDA2700CDBBFE /* Pods-FindTeamer-FindTeamerUITests-acknowledgements.plist */ = {isa = PBXFileReference; lastKnownFileType = text.plist.xml; path = "Pods-FindTeamer-FindTeamerUITests-acknowledgements.plist"; sourceTree = "<group>"; };
		693FF4CD28BCDA2700CDBBFE /* Pods-FindTeamer-FindTeamerUITests.debug.xcconfig */ = {isa = PBXFileReference; lastKnownFileType = text.xcconfig; path = "Pods-FindTeamer-FindTeamerUITests.debug.xcconfig"; sourceTree = "<group>"; };
		693FF4CE28BCDA2700CDBBFE /* Pods-FindTeamer-FindTeamerUITests-Info.plist */ = {isa = PBXFileReference; lastKnownFileType = text.plist.xml; path = "Pods-FindTeamer-FindTeamerUITests-Info.plist"; sourceTree = "<group>"; };
		693FF4CF28BCDA2700CDBBFE /* Pods-FindTeamer-FindTeamerUITests-umbrella.h */ = {isa = PBXFileReference; lastKnownFileType = sourcecode.c.h; path = "Pods-FindTeamer-FindTeamerUITests-umbrella.h"; sourceTree = "<group>"; };
		693FF4D028BCDA2700CDBBFE /* Pods-FindTeamer-FindTeamerUITests-dummy.m */ = {isa = PBXFileReference; lastKnownFileType = sourcecode.c.objc; path = "Pods-FindTeamer-FindTeamerUITests-dummy.m"; sourceTree = "<group>"; };
		693FF4D128BCDA2700CDBBFE /* Pods-FindTeamer-FindTeamerUITests.release.xcconfig */ = {isa = PBXFileReference; lastKnownFileType = text.xcconfig; path = "Pods-FindTeamer-FindTeamerUITests.release.xcconfig"; sourceTree = "<group>"; };
		693FF4D228BCDA2700CDBBFE /* Pods-FindTeamer-FindTeamerUITests-acknowledgements.markdown */ = {isa = PBXFileReference; lastKnownFileType = net.daringfireball.markdown; path = "Pods-FindTeamer-FindTeamerUITests-acknowledgements.markdown"; sourceTree = "<group>"; };
		693FF4D428BCDA2700CDBBFE /* SwiftLint.debug.xcconfig */ = {isa = PBXFileReference; lastKnownFileType = text.xcconfig; path = SwiftLint.debug.xcconfig; sourceTree = "<group>"; };
		693FF4D528BCDA2700CDBBFE /* SwiftLint.release.xcconfig */ = {isa = PBXFileReference; lastKnownFileType = text.xcconfig; path = SwiftLint.release.xcconfig; sourceTree = "<group>"; };
		693FF4D628BCDA2700CDBBFE /* Manifest.lock */ = {isa = PBXFileReference; lastKnownFileType = text; path = Manifest.lock; sourceTree = "<group>"; };
		693FF4DA28BCDA2700CDBBFE /* LICENSE */ = {isa = PBXFileReference; lastKnownFileType = text; path = LICENSE; sourceTree = "<group>"; };
		693FF4DB28BCDA2700CDBBFE /* swiftlint */ = {isa = PBXFileReference; lastKnownFileType = "compiled.mach-o.executable"; path = swiftlint; sourceTree = "<group>"; };
		69716CAB28B5143700520ECF /* MainContentView.swift */ = {isa = PBXFileReference; lastKnownFileType = sourcecode.swift; path = MainContentView.swift; sourceTree = "<group>"; };
		697CF58F28E475D500D5E5F9 /* SignUpModelValidator.swift */ = {isa = PBXFileReference; lastKnownFileType = sourcecode.swift; path = SignUpModelValidator.swift; sourceTree = "<group>"; };
		69C92F5228A3D86D00F2E878 /* FindTeamer.app */ = {isa = PBXFileReference; explicitFileType = wrapper.application; includeInIndex = 0; path = FindTeamer.app; sourceTree = BUILT_PRODUCTS_DIR; };
		69C92F5528A3D86D00F2E878 /* FindTeamerApp.swift */ = {isa = PBXFileReference; lastKnownFileType = sourcecode.swift; path = FindTeamerApp.swift; sourceTree = "<group>"; };
		69C92F5928A3D86F00F2E878 /* Assets.xcassets */ = {isa = PBXFileReference; lastKnownFileType = folder.assetcatalog; path = Assets.xcassets; sourceTree = "<group>"; };
		69C92F5C28A3D86F00F2E878 /* Preview Assets.xcassets */ = {isa = PBXFileReference; lastKnownFileType = folder.assetcatalog; path = "Preview Assets.xcassets"; sourceTree = "<group>"; };
		69C92F5E28A3D86F00F2E878 /* Persistence.swift */ = {isa = PBXFileReference; lastKnownFileType = sourcecode.swift; path = Persistence.swift; sourceTree = "<group>"; };
		69C92F6128A3D86F00F2E878 /* FindTeamer.xcdatamodel */ = {isa = PBXFileReference; lastKnownFileType = wrapper.xcdatamodel; path = FindTeamer.xcdatamodel; sourceTree = "<group>"; };
		69C92F6728A3D86F00F2E878 /* FindTeamerTests.xctest */ = {isa = PBXFileReference; explicitFileType = wrapper.cfbundle; includeInIndex = 0; path = FindTeamerTests.xctest; sourceTree = BUILT_PRODUCTS_DIR; };
		69C92F6B28A3D86F00F2E878 /* FindTeamerTests.swift */ = {isa = PBXFileReference; lastKnownFileType = sourcecode.swift; path = FindTeamerTests.swift; sourceTree = "<group>"; };
		69C92F7128A3D86F00F2E878 /* FindTeamerUITests.xctest */ = {isa = PBXFileReference; explicitFileType = wrapper.cfbundle; includeInIndex = 0; path = FindTeamerUITests.xctest; sourceTree = BUILT_PRODUCTS_DIR; };
		69C92F7528A3D86F00F2E878 /* FindTeamerUITests.swift */ = {isa = PBXFileReference; lastKnownFileType = sourcecode.swift; path = FindTeamerUITests.swift; sourceTree = "<group>"; };
		69C92F7728A3D86F00F2E878 /* FindTeamerUITestsLaunchTests.swift */ = {isa = PBXFileReference; lastKnownFileType = sourcecode.swift; path = FindTeamerUITestsLaunchTests.swift; sourceTree = "<group>"; };
		7D7CA5C17C0D7DC039B8338E /* Pods_FindTeamer.framework */ = {isa = PBXFileReference; explicitFileType = wrapper.framework; includeInIndex = 0; path = Pods_FindTeamer.framework; sourceTree = BUILT_PRODUCTS_DIR; };
		8013907F3E525CC2180781A8 /* Pods-FindTeamer-FindTeamerUITests.release.xcconfig */ = {isa = PBXFileReference; includeInIndex = 1; lastKnownFileType = text.xcconfig; name = "Pods-FindTeamer-FindTeamerUITests.release.xcconfig"; path = "Target Support Files/Pods-FindTeamer-FindTeamerUITests/Pods-FindTeamer-FindTeamerUITests.release.xcconfig"; sourceTree = "<group>"; };
		CBB181EC2E3C89C7B5D9132C /* Pods_FindTeamerTests.framework */ = {isa = PBXFileReference; explicitFileType = wrapper.framework; includeInIndex = 0; path = Pods_FindTeamerTests.framework; sourceTree = BUILT_PRODUCTS_DIR; };
		D072E0BA28AE53D000FE0D41 /* ErrorSelection.swift */ = {isa = PBXFileReference; lastKnownFileType = sourcecode.swift; path = ErrorSelection.swift; sourceTree = "<group>"; };
		F69636143EDAC2022C2707DA /* Pods-FindTeamer.debug.xcconfig */ = {isa = PBXFileReference; includeInIndex = 1; lastKnownFileType = text.xcconfig; name = "Pods-FindTeamer.debug.xcconfig"; path = "Target Support Files/Pods-FindTeamer/Pods-FindTeamer.debug.xcconfig"; sourceTree = "<group>"; };
		FC0B5DDE579EBED5DCE3DF87 /* Pods-FindTeamerTests.release.xcconfig */ = {isa = PBXFileReference; includeInIndex = 1; lastKnownFileType = text.xcconfig; name = "Pods-FindTeamerTests.release.xcconfig"; path = "Target Support Files/Pods-FindTeamerTests/Pods-FindTeamerTests.release.xcconfig"; sourceTree = "<group>"; };
/* End PBXFileReference section */

/* Begin PBXFrameworksBuildPhase section */
		69C92F4F28A3D86D00F2E878 /* Frameworks */ = {
			isa = PBXFrameworksBuildPhase;
			buildActionMask = 2147483647;
			files = (
				693FF4E628BCDA2F00CDBBFE /* Pods-FindTeamer in Frameworks */,
				693FF4A528BB780C00CDBBFE /* FirebaseDatabase in Frameworks */,
				694C1CEA28CF65A9002D95EB /* FirebaseFirestoreSwift-Beta in Frameworks */,
				693FF4A728BB780C00CDBBFE /* FirebaseFirestore in Frameworks */,
				69327C2828AB8BE1004F7C99 /* FirebaseAuth in Frameworks */,
				693FF4A928BB780C00CDBBFE /* FirebaseStorage in Frameworks */,
				693FF4A328BB780C00CDBBFE /* FirebaseAuth in Frameworks */,
				DF155732D05A4342DB5C5F39 /* Pods_FindTeamer.framework in Frameworks */,
			);
			runOnlyForDeploymentPostprocessing = 0;
		};
		69C92F6428A3D86F00F2E878 /* Frameworks */ = {
			isa = PBXFrameworksBuildPhase;
			buildActionMask = 2147483647;
			files = (
				03856E9BEDD70AB672B5BD76 /* Pods_FindTeamerTests.framework in Frameworks */,
			);
			runOnlyForDeploymentPostprocessing = 0;
		};
		69C92F6E28A3D86F00F2E878 /* Frameworks */ = {
			isa = PBXFrameworksBuildPhase;
			buildActionMask = 2147483647;
			files = (
				44177A9645EB65DAE6B503E5 /* Pods_FindTeamer_FindTeamerUITests.framework in Frameworks */,
			);
			runOnlyForDeploymentPostprocessing = 0;
		};
/* End PBXFrameworksBuildPhase section */

/* Begin PBXGroup section */
		67CC2E9688A9A5BC64791EAB /* Frameworks */ = {
			isa = PBXGroup;
			children = (
				693FF4B328BCDA2600CDBBFE /* Pods */,
				7D7CA5C17C0D7DC039B8338E /* Pods_FindTeamer.framework */,
				5645F92DE7D85FC5457E538C /* Pods_FindTeamer_FindTeamerUITests.framework */,
				CBB181EC2E3C89C7B5D9132C /* Pods_FindTeamerTests.framework */,
			);
			name = Frameworks;
			sourceTree = "<group>";
		};
		6914668028ABCC4D003C2222 /* Models */ = {
			isa = PBXGroup;
			children = (
				690C16DA28B3B5C4003B9CCE /* AlertModel.swift */,
				693FF4AF28BB8B1B00CDBBFE /* EventModel.swift */,
				6914668128ABCCA5003C2222 /* SignUpModel.swift */,
				6901378928E4B2B900DC9DDE /* LogInModel.swift */,
			);
			path = Models;
			sourceTree = "<group>";
		};
		691A011228C2245E00E09018 /* MainContent */ = {
			isa = PBXGroup;
			children = (
				69716CAB28B5143700520ECF /* MainContentView.swift */,
				691A011328C2248F00E09018 /* MainComponents.swift */,
			);
			path = MainContent;
			sourceTree = "<group>";
		};
		691A011528C231FE00E09018 /* Authentication */ = {
			isa = PBXGroup;
			children = (
				69327C2228AB7E8C004F7C99 /* LoginView.swift */,
				69327C2928AB9E57004F7C99 /* SignUpView.swift */,
			);
			path = Authentication;
			sourceTree = "<group>";
		};
		691A011628C2322100E09018 /* EventDetails */ = {
			isa = PBXGroup;
			children = (
				691A011728C2323900E09018 /* EventDetailsView.swift */,
			);
			path = EventDetails;
			sourceTree = "<group>";
		};
		691A011A28CB44CC00E09018 /* Services */ = {
			isa = PBXGroup;
			children = (
				691A011B28CB44D700E09018 /* EmailService */,
			);
			path = Services;
			sourceTree = "<group>";
		};
		691A011B28CB44D700E09018 /* EmailService */ = {
			isa = PBXGroup;
			children = (
				691A011C28CB44E900E09018 /* EmailHelper.swift */,
			);
			path = EmailService;
			sourceTree = "<group>";
		};
		69327C2128AB7E5E004F7C99 /* ViewsContent */ = {
			isa = PBXGroup;
			children = (
				691A011628C2322100E09018 /* EventDetails */,
				691A011528C231FE00E09018 /* Authentication */,
				691A011228C2245E00E09018 /* MainContent */,
				693FF49F28BB756500CDBBFE /* CreateEventView.swift */,
				693FF4AA28BB800C00CDBBFE /* CommonComponents.swift */,
				691A012028CF23A200E09018 /* RootView.swift */,
			);
			path = ViewsContent;
			sourceTree = "<group>";
		};
		693D8D5F28B3A444005FE83C /* FirebaseManagement */ = {
			isa = PBXGroup;
			children = (
				693D8D6028B3A454005FE83C /* FirebaseManager.swift */,
			);
			path = FirebaseManagement;
			sourceTree = "<group>";
		};
		693FF4AE28BB8B0800CDBBFE /* ViewModels */ = {
			isa = PBXGroup;
			children = (
				693FF4AC28BB8AE400CDBBFE /* EventViewModel.swift */,
				691A011028C0B12A00E09018 /* EventsViewModel.swift */,
				691A011E28CF1B9700E09018 /* RootViewModel.swift */,
				69167CBC28E0BDDA000E1D1F /* SingUpViewModel.swift */,
				6901378F28E4B2ED00DC9DDE /* LogInViewModel.swift */,
			);
			path = ViewModels;
			sourceTree = "<group>";
		};
		693FF4B328BCDA2600CDBBFE /* Pods */ = {
			isa = PBXGroup;
			children = (
				693FF4B428BCDA2600CDBBFE /* Pods.xcodeproj */,
				693FF4B728BCDA2700CDBBFE /* Target Support Files */,
				693FF4D628BCDA2700CDBBFE /* Manifest.lock */,
				693FF4D728BCDA2700CDBBFE /* Local Podspecs */,
				693FF4D828BCDA2700CDBBFE /* Headers */,
				693FF4D928BCDA2700CDBBFE /* SwiftLint */,
			);
			path = Pods;
			sourceTree = "<group>";
		};
		693FF4B528BCDA2600CDBBFE /* Products */ = {
			isa = PBXGroup;
			children = (
				693FF4E128BCDA2700CDBBFE /* Pods-FindTeamer */,
				693FF4E328BCDA2700CDBBFE /* Pods-FindTeamer-FindTeamerUITests */,
				693FF4E528BCDA2700CDBBFE /* Pods-FindTeamerTests */,
			);
			name = Products;
			sourceTree = "<group>";
		};
		693FF4B728BCDA2700CDBBFE /* Target Support Files */ = {
			isa = PBXGroup;
			children = (
				693FF4B828BCDA2700CDBBFE /* Pods-FindTeamer */,
				693FF4C128BCDA2700CDBBFE /* Pods-FindTeamerTests */,
				693FF4CA28BCDA2700CDBBFE /* Pods-FindTeamer-FindTeamerUITests */,
				693FF4D328BCDA2700CDBBFE /* SwiftLint */,
			);
			path = "Target Support Files";
			sourceTree = "<group>";
		};
		693FF4B828BCDA2700CDBBFE /* Pods-FindTeamer */ = {
			isa = PBXGroup;
			children = (
				693FF4B928BCDA2700CDBBFE /* Pods-FindTeamer-umbrella.h */,
				693FF4BA28BCDA2700CDBBFE /* Pods-FindTeamer.debug.xcconfig */,
				693FF4BB28BCDA2700CDBBFE /* Pods-FindTeamer-Info.plist */,
				693FF4BC28BCDA2700CDBBFE /* Pods-FindTeamer.modulemap */,
				693FF4BD28BCDA2700CDBBFE /* Pods-FindTeamer-acknowledgements.markdown */,
				693FF4BE28BCDA2700CDBBFE /* Pods-FindTeamer-dummy.m */,
				693FF4BF28BCDA2700CDBBFE /* Pods-FindTeamer.release.xcconfig */,
				693FF4C028BCDA2700CDBBFE /* Pods-FindTeamer-acknowledgements.plist */,
			);
			path = "Pods-FindTeamer";
			sourceTree = "<group>";
		};
		693FF4C128BCDA2700CDBBFE /* Pods-FindTeamerTests */ = {
			isa = PBXGroup;
			children = (
				693FF4C228BCDA2700CDBBFE /* Pods-FindTeamerTests.debug.xcconfig */,
				693FF4C328BCDA2700CDBBFE /* Pods-FindTeamerTests.modulemap */,
				693FF4C428BCDA2700CDBBFE /* Pods-FindTeamerTests-acknowledgements.plist */,
				693FF4C528BCDA2700CDBBFE /* Pods-FindTeamerTests-Info.plist */,
				693FF4C628BCDA2700CDBBFE /* Pods-FindTeamerTests.release.xcconfig */,
				693FF4C728BCDA2700CDBBFE /* Pods-FindTeamerTests-umbrella.h */,
				693FF4C828BCDA2700CDBBFE /* Pods-FindTeamerTests-acknowledgements.markdown */,
				693FF4C928BCDA2700CDBBFE /* Pods-FindTeamerTests-dummy.m */,
			);
			path = "Pods-FindTeamerTests";
			sourceTree = "<group>";
		};
		693FF4CA28BCDA2700CDBBFE /* Pods-FindTeamer-FindTeamerUITests */ = {
			isa = PBXGroup;
			children = (
				693FF4CB28BCDA2700CDBBFE /* Pods-FindTeamer-FindTeamerUITests.modulemap */,
				693FF4CC28BCDA2700CDBBFE /* Pods-FindTeamer-FindTeamerUITests-acknowledgements.plist */,
				693FF4CD28BCDA2700CDBBFE /* Pods-FindTeamer-FindTeamerUITests.debug.xcconfig */,
				693FF4CE28BCDA2700CDBBFE /* Pods-FindTeamer-FindTeamerUITests-Info.plist */,
				693FF4CF28BCDA2700CDBBFE /* Pods-FindTeamer-FindTeamerUITests-umbrella.h */,
				693FF4D028BCDA2700CDBBFE /* Pods-FindTeamer-FindTeamerUITests-dummy.m */,
				693FF4D128BCDA2700CDBBFE /* Pods-FindTeamer-FindTeamerUITests.release.xcconfig */,
				693FF4D228BCDA2700CDBBFE /* Pods-FindTeamer-FindTeamerUITests-acknowledgements.markdown */,
			);
			path = "Pods-FindTeamer-FindTeamerUITests";
			sourceTree = "<group>";
		};
		693FF4D328BCDA2700CDBBFE /* SwiftLint */ = {
			isa = PBXGroup;
			children = (
				693FF4D428BCDA2700CDBBFE /* SwiftLint.debug.xcconfig */,
				693FF4D528BCDA2700CDBBFE /* SwiftLint.release.xcconfig */,
			);
			path = SwiftLint;
			sourceTree = "<group>";
		};
		693FF4D728BCDA2700CDBBFE /* Local Podspecs */ = {
			isa = PBXGroup;
			children = (
			);
			path = "Local Podspecs";
			sourceTree = "<group>";
		};
		693FF4D828BCDA2700CDBBFE /* Headers */ = {
			isa = PBXGroup;
			children = (
			);
			path = Headers;
			sourceTree = "<group>";
		};
		693FF4D928BCDA2700CDBBFE /* SwiftLint */ = {
			isa = PBXGroup;
			children = (
				693FF4DA28BCDA2700CDBBFE /* LICENSE */,
				693FF4DB28BCDA2700CDBBFE /* swiftlint */,
			);
			path = SwiftLint;
			sourceTree = "<group>";
		};
		697CF58E28E475BD00D5E5F9 /* Validators */ = {
			isa = PBXGroup;
			children = (
				697CF58F28E475D500D5E5F9 /* SignUpModelValidator.swift */,
			);
			path = Validators;
			sourceTree = "<group>";
		};
		69C92F4928A3D86D00F2E878 = {
			isa = PBXGroup;
			children = (
				69C92F5428A3D86D00F2E878 /* FindTeamer */,
				69C92F6A28A3D86F00F2E878 /* FindTeamerTests */,
				69C92F7428A3D86F00F2E878 /* FindTeamerUITests */,
				DA224C3D4FCA6912F41AD562 /* Pods */,
				69C92F5328A3D86D00F2E878 /* Products */,
				67CC2E9688A9A5BC64791EAB /* Frameworks */,
			);
			sourceTree = "<group>";
		};
		69C92F5328A3D86D00F2E878 /* Products */ = {
			isa = PBXGroup;
			children = (
				69C92F5228A3D86D00F2E878 /* FindTeamer.app */,
				69C92F6728A3D86F00F2E878 /* FindTeamerTests.xctest */,
				69C92F7128A3D86F00F2E878 /* FindTeamerUITests.xctest */,
			);
			name = Products;
			sourceTree = "<group>";
		};
		69C92F5428A3D86D00F2E878 /* FindTeamer */ = {
			isa = PBXGroup;
			children = (
				D072E0B928AE53B100FE0D41 /* Errors */,
				693D8D5F28B3A444005FE83C /* FirebaseManagement */,
				6914668028ABCC4D003C2222 /* Models */,
				69C92F5B28A3D86F00F2E878 /* Preview Content */,
				693FF4AE28BB8B0800CDBBFE /* ViewModels */,
				69327C2128AB7E5E004F7C99 /* ViewsContent */,
				691A011A28CB44CC00E09018 /* Services */,
				697CF58E28E475BD00D5E5F9 /* Validators */,
				69C92F5928A3D86F00F2E878 /* Assets.xcassets */,
				69C92F6028A3D86F00F2E878 /* FindTeamer.xcdatamodeld */,
				69C92F5528A3D86D00F2E878 /* FindTeamerApp.swift */,
				69327C2428AB8B2E004F7C99 /* GoogleService-Info.plist */,
				69C92F5E28A3D86F00F2E878 /* Persistence.swift */,
			);
			path = FindTeamer;
			sourceTree = "<group>";
		};
		69C92F5B28A3D86F00F2E878 /* Preview Content */ = {
			isa = PBXGroup;
			children = (
				69C92F5C28A3D86F00F2E878 /* Preview Assets.xcassets */,
			);
			path = "Preview Content";
			sourceTree = "<group>";
		};
		69C92F6A28A3D86F00F2E878 /* FindTeamerTests */ = {
			isa = PBXGroup;
			children = (
				69C92F6B28A3D86F00F2E878 /* FindTeamerTests.swift */,
			);
			path = FindTeamerTests;
			sourceTree = "<group>";
		};
		69C92F7428A3D86F00F2E878 /* FindTeamerUITests */ = {
			isa = PBXGroup;
			children = (
				69C92F7528A3D86F00F2E878 /* FindTeamerUITests.swift */,
				69C92F7728A3D86F00F2E878 /* FindTeamerUITestsLaunchTests.swift */,
			);
			path = FindTeamerUITests;
			sourceTree = "<group>";
		};
		D072E0B928AE53B100FE0D41 /* Errors */ = {
			isa = PBXGroup;
			children = (
				D072E0BA28AE53D000FE0D41 /* ErrorSelection.swift */,
			);
			path = Errors;
			sourceTree = "<group>";
		};
		DA224C3D4FCA6912F41AD562 /* Pods */ = {
			isa = PBXGroup;
			children = (
				F69636143EDAC2022C2707DA /* Pods-FindTeamer.debug.xcconfig */,
				26389BC0B14AEDC5784EB648 /* Pods-FindTeamer.release.xcconfig */,
				65936D161F62317BFBB284E6 /* Pods-FindTeamer-FindTeamerUITests.debug.xcconfig */,
				8013907F3E525CC2180781A8 /* Pods-FindTeamer-FindTeamerUITests.release.xcconfig */,
				4DD438B02DADA8200452B4F8 /* Pods-FindTeamerTests.debug.xcconfig */,
				FC0B5DDE579EBED5DCE3DF87 /* Pods-FindTeamerTests.release.xcconfig */,
			);
			path = Pods;
			sourceTree = "<group>";
		};
/* End PBXGroup section */

/* Begin PBXNativeTarget section */
		69C92F5128A3D86D00F2E878 /* FindTeamer */ = {
			isa = PBXNativeTarget;
			buildConfigurationList = 69C92F7B28A3D86F00F2E878 /* Build configuration list for PBXNativeTarget "FindTeamer" */;
			buildPhases = (
				3372E75EE65D0D515CD8F8D4 /* [CP] Check Pods Manifest.lock */,
				69C92F4E28A3D86D00F2E878 /* Sources */,
				69C92F4F28A3D86D00F2E878 /* Frameworks */,
				69C92F5028A3D86D00F2E878 /* Resources */,
				697CF58D28E45F8500D5E5F9 /* ShellScript */,
			);
			buildRules = (
			);
			dependencies = (
			);
			name = FindTeamer;
			packageProductDependencies = (
				69327C2728AB8BE1004F7C99 /* FirebaseAuth */,
				693FF4A228BB780C00CDBBFE /* FirebaseAuth */,
				693FF4A428BB780C00CDBBFE /* FirebaseDatabase */,
				693FF4A628BB780C00CDBBFE /* FirebaseFirestore */,
				693FF4A828BB780C00CDBBFE /* FirebaseStorage */,
				694C1CE928CF65A9002D95EB /* FirebaseFirestoreSwift-Beta */,
			);
			productName = FindTeamer;
			productReference = 69C92F5228A3D86D00F2E878 /* FindTeamer.app */;
			productType = "com.apple.product-type.application";
		};
		69C92F6628A3D86F00F2E878 /* FindTeamerTests */ = {
			isa = PBXNativeTarget;
			buildConfigurationList = 69C92F7E28A3D86F00F2E878 /* Build configuration list for PBXNativeTarget "FindTeamerTests" */;
			buildPhases = (
				C9FEA12A3F0E028B0DCF9341 /* [CP] Check Pods Manifest.lock */,
				69C92F6328A3D86F00F2E878 /* Sources */,
				69C92F6428A3D86F00F2E878 /* Frameworks */,
				69C92F6528A3D86F00F2E878 /* Resources */,
			);
			buildRules = (
			);
			dependencies = (
				69C92F6928A3D86F00F2E878 /* PBXTargetDependency */,
			);
			name = FindTeamerTests;
			productName = FindTeamerTests;
			productReference = 69C92F6728A3D86F00F2E878 /* FindTeamerTests.xctest */;
			productType = "com.apple.product-type.bundle.unit-test";
		};
		69C92F7028A3D86F00F2E878 /* FindTeamerUITests */ = {
			isa = PBXNativeTarget;
			buildConfigurationList = 69C92F8128A3D86F00F2E878 /* Build configuration list for PBXNativeTarget "FindTeamerUITests" */;
			buildPhases = (
				322FE186603C0CBA74FD2C3A /* [CP] Check Pods Manifest.lock */,
				69C92F6D28A3D86F00F2E878 /* Sources */,
				69C92F6E28A3D86F00F2E878 /* Frameworks */,
				69C92F6F28A3D86F00F2E878 /* Resources */,
			);
			buildRules = (
			);
			dependencies = (
				69C92F7328A3D86F00F2E878 /* PBXTargetDependency */,
			);
			name = FindTeamerUITests;
			productName = FindTeamerUITests;
			productReference = 69C92F7128A3D86F00F2E878 /* FindTeamerUITests.xctest */;
			productType = "com.apple.product-type.bundle.ui-testing";
		};
/* End PBXNativeTarget section */

/* Begin PBXProject section */
		69C92F4A28A3D86D00F2E878 /* Project object */ = {
			isa = PBXProject;
			attributes = {
				BuildIndependentTargetsInParallel = 1;
				LastSwiftUpdateCheck = 1340;
				LastUpgradeCheck = 1340;
				TargetAttributes = {
					69C92F5128A3D86D00F2E878 = {
						CreatedOnToolsVersion = 13.4.1;
					};
					69C92F6628A3D86F00F2E878 = {
						CreatedOnToolsVersion = 13.4.1;
						TestTargetID = 69C92F5128A3D86D00F2E878;
					};
					69C92F7028A3D86F00F2E878 = {
						CreatedOnToolsVersion = 13.4.1;
						TestTargetID = 69C92F5128A3D86D00F2E878;
					};
				};
			};
			buildConfigurationList = 69C92F4D28A3D86D00F2E878 /* Build configuration list for PBXProject "FindTeamer" */;
			compatibilityVersion = "Xcode 13.0";
			developmentRegion = en;
			hasScannedForEncodings = 0;
			knownRegions = (
				en,
				Base,
			);
			mainGroup = 69C92F4928A3D86D00F2E878;
			packageReferences = (
				69327C2628AB8BE1004F7C99 /* XCRemoteSwiftPackageReference "firebase-ios-sdk" */,
				693FF4A128BB780C00CDBBFE /* XCRemoteSwiftPackageReference "firebase-ios-sdk" */,
				691A010D28BE17F700E09018 /* XCRemoteSwiftPackageReference "firebase-ios-sdk" */,
			);
			productRefGroup = 69C92F5328A3D86D00F2E878 /* Products */;
			projectDirPath = "";
			projectReferences = (
				{
					ProductGroup = 693FF4B528BCDA2600CDBBFE /* Products */;
					ProjectRef = 693FF4B428BCDA2600CDBBFE /* Pods.xcodeproj */;
				},
			);
			projectRoot = "";
			targets = (
				69C92F5128A3D86D00F2E878 /* FindTeamer */,
				69C92F6628A3D86F00F2E878 /* FindTeamerTests */,
				69C92F7028A3D86F00F2E878 /* FindTeamerUITests */,
			);
		};
/* End PBXProject section */

/* Begin PBXReferenceProxy section */
		693FF4E128BCDA2700CDBBFE /* Pods-FindTeamer */ = {
			isa = PBXReferenceProxy;
			fileType = wrapper.framework;
			name = "Pods-FindTeamer";
			path = Pods_FindTeamer.framework;
			remoteRef = 693FF4E028BCDA2700CDBBFE /* PBXContainerItemProxy */;
			sourceTree = BUILT_PRODUCTS_DIR;
		};
		693FF4E328BCDA2700CDBBFE /* Pods-FindTeamer-FindTeamerUITests */ = {
			isa = PBXReferenceProxy;
			fileType = wrapper.framework;
			name = "Pods-FindTeamer-FindTeamerUITests";
			path = Pods_FindTeamer_FindTeamerUITests.framework;
			remoteRef = 693FF4E228BCDA2700CDBBFE /* PBXContainerItemProxy */;
			sourceTree = BUILT_PRODUCTS_DIR;
		};
		693FF4E528BCDA2700CDBBFE /* Pods-FindTeamerTests */ = {
			isa = PBXReferenceProxy;
			fileType = wrapper.framework;
			name = "Pods-FindTeamerTests";
			path = Pods_FindTeamerTests.framework;
			remoteRef = 693FF4E428BCDA2700CDBBFE /* PBXContainerItemProxy */;
			sourceTree = BUILT_PRODUCTS_DIR;
		};
/* End PBXReferenceProxy section */

/* Begin PBXResourcesBuildPhase section */
		69C92F5028A3D86D00F2E878 /* Resources */ = {
			isa = PBXResourcesBuildPhase;
			buildActionMask = 2147483647;
			files = (
				69C92F5D28A3D86F00F2E878 /* Preview Assets.xcassets in Resources */,
				69C92F5A28A3D86F00F2E878 /* Assets.xcassets in Resources */,
				69327C2528AB8B2E004F7C99 /* GoogleService-Info.plist in Resources */,
			);
			runOnlyForDeploymentPostprocessing = 0;
		};
		69C92F6528A3D86F00F2E878 /* Resources */ = {
			isa = PBXResourcesBuildPhase;
			buildActionMask = 2147483647;
			files = (
			);
			runOnlyForDeploymentPostprocessing = 0;
		};
		69C92F6F28A3D86F00F2E878 /* Resources */ = {
			isa = PBXResourcesBuildPhase;
			buildActionMask = 2147483647;
			files = (
			);
			runOnlyForDeploymentPostprocessing = 0;
		};
/* End PBXResourcesBuildPhase section */

/* Begin PBXShellScriptBuildPhase section */
		322FE186603C0CBA74FD2C3A /* [CP] Check Pods Manifest.lock */ = {
			isa = PBXShellScriptBuildPhase;
			buildActionMask = 2147483647;
			files = (
			);
			inputFileListPaths = (
			);
			inputPaths = (
				"${PODS_PODFILE_DIR_PATH}/Podfile.lock",
				"${PODS_ROOT}/Manifest.lock",
			);
			name = "[CP] Check Pods Manifest.lock";
			outputFileListPaths = (
			);
			outputPaths = (
				"$(DERIVED_FILE_DIR)/Pods-FindTeamer-FindTeamerUITests-checkManifestLockResult.txt",
			);
			runOnlyForDeploymentPostprocessing = 0;
			shellPath = /bin/sh;
			shellScript = "diff \"${PODS_PODFILE_DIR_PATH}/Podfile.lock\" \"${PODS_ROOT}/Manifest.lock\" > /dev/null\nif [ $? != 0 ] ; then\n    # print error to STDERR\n    echo \"error: The sandbox is not in sync with the Podfile.lock. Run 'pod install' or update your CocoaPods installation.\" >&2\n    exit 1\nfi\n# This output is used by Xcode 'outputs' to avoid re-running this script phase.\necho \"SUCCESS\" > \"${SCRIPT_OUTPUT_FILE_0}\"\n";
			showEnvVarsInLog = 0;
		};
		3372E75EE65D0D515CD8F8D4 /* [CP] Check Pods Manifest.lock */ = {
			isa = PBXShellScriptBuildPhase;
			buildActionMask = 2147483647;
			files = (
			);
			inputFileListPaths = (
			);
			inputPaths = (
				"${PODS_PODFILE_DIR_PATH}/Podfile.lock",
				"${PODS_ROOT}/Manifest.lock",
			);
			name = "[CP] Check Pods Manifest.lock";
			outputFileListPaths = (
			);
			outputPaths = (
				"$(DERIVED_FILE_DIR)/Pods-FindTeamer-checkManifestLockResult.txt",
			);
			runOnlyForDeploymentPostprocessing = 0;
			shellPath = /bin/sh;
			shellScript = "diff \"${PODS_PODFILE_DIR_PATH}/Podfile.lock\" \"${PODS_ROOT}/Manifest.lock\" > /dev/null\nif [ $? != 0 ] ; then\n    # print error to STDERR\n    echo \"error: The sandbox is not in sync with the Podfile.lock. Run 'pod install' or update your CocoaPods installation.\" >&2\n    exit 1\nfi\n# This output is used by Xcode 'outputs' to avoid re-running this script phase.\necho \"SUCCESS\" > \"${SCRIPT_OUTPUT_FILE_0}\"\n";
			showEnvVarsInLog = 0;
		};
		697CF58D28E45F8500D5E5F9 /* ShellScript */ = {
			isa = PBXShellScriptBuildPhase;
			buildActionMask = 2147483647;
			files = (
			);
			inputFileListPaths = (
			);
			inputPaths = (
			);
			outputFileListPaths = (
			);
			outputPaths = (
			);
			runOnlyForDeploymentPostprocessing = 0;
			shellPath = /bin/sh;
			shellScript = "export PATH=\"$PATH:/opt/homebrew/bin\"\nif which swiftlint > /dev/null; then\n  swiftlint\nelse\n  echo \"warning: SwiftLint not installed, download from https://github.com/realm/SwiftLint\"\nfi\n";
		};
		C9FEA12A3F0E028B0DCF9341 /* [CP] Check Pods Manifest.lock */ = {
			isa = PBXShellScriptBuildPhase;
			buildActionMask = 2147483647;
			files = (
			);
			inputFileListPaths = (
			);
			inputPaths = (
				"${PODS_PODFILE_DIR_PATH}/Podfile.lock",
				"${PODS_ROOT}/Manifest.lock",
			);
			name = "[CP] Check Pods Manifest.lock";
			outputFileListPaths = (
			);
			outputPaths = (
				"$(DERIVED_FILE_DIR)/Pods-FindTeamerTests-checkManifestLockResult.txt",
			);
			runOnlyForDeploymentPostprocessing = 0;
			shellPath = /bin/sh;
			shellScript = "diff \"${PODS_PODFILE_DIR_PATH}/Podfile.lock\" \"${PODS_ROOT}/Manifest.lock\" > /dev/null\nif [ $? != 0 ] ; then\n    # print error to STDERR\n    echo \"error: The sandbox is not in sync with the Podfile.lock. Run 'pod install' or update your CocoaPods installation.\" >&2\n    exit 1\nfi\n# This output is used by Xcode 'outputs' to avoid re-running this script phase.\necho \"SUCCESS\" > \"${SCRIPT_OUTPUT_FILE_0}\"\n";
			showEnvVarsInLog = 0;
		};
/* End PBXShellScriptBuildPhase section */

/* Begin PBXSourcesBuildPhase section */
		69C92F4E28A3D86D00F2E878 /* Sources */ = {
			isa = PBXSourcesBuildPhase;
			buildActionMask = 2147483647;
			files = (
				69C92F5F28A3D86F00F2E878 /* Persistence.swift in Sources */,
				691A011128C0B12A00E09018 /* EventsViewModel.swift in Sources */,
				693FF4AB28BB800C00CDBBFE /* CommonComponents.swift in Sources */,
				69716CAC28B5143700520ECF /* MainContentView.swift in Sources */,
				6901379028E4B2ED00DC9DDE /* LogInViewModel.swift in Sources */,
				691A011828C2323900E09018 /* EventDetailsView.swift in Sources */,
				6914668228ABCCA5003C2222 /* SignUpModel.swift in Sources */,
				691A011D28CB44E900E09018 /* EmailHelper.swift in Sources */,
				693FF4AD28BB8AE400CDBBFE /* EventViewModel.swift in Sources */,
				693D8D6128B3A454005FE83C /* FirebaseManager.swift in Sources */,
				691A011F28CF1B9700E09018 /* RootViewModel.swift in Sources */,
				691A012128CF23A200E09018 /* RootView.swift in Sources */,
				69C92F6228A3D86F00F2E878 /* FindTeamer.xcdatamodeld in Sources */,
				69167CBD28E0BDDA000E1D1F /* SingUpViewModel.swift in Sources */,
				69327C2328AB7E8C004F7C99 /* LoginView.swift in Sources */,
				697CF59028E475D500D5E5F9 /* SignUpModelValidator.swift in Sources */,
				69327C2A28AB9E57004F7C99 /* SignUpView.swift in Sources */,
				6901378A28E4B2B900DC9DDE /* LogInModel.swift in Sources */,
				69C92F5628A3D86D00F2E878 /* FindTeamerApp.swift in Sources */,
				693FF4A028BB756500CDBBFE /* CreateEventView.swift in Sources */,
				690C16DB28B3B5C4003B9CCE /* AlertModel.swift in Sources */,
				693FF4B028BB8B1B00CDBBFE /* EventModel.swift in Sources */,
				D072E0BB28AE53D000FE0D41 /* ErrorSelection.swift in Sources */,
				691A011428C2248F00E09018 /* MainComponents.swift in Sources */,
			);
			runOnlyForDeploymentPostprocessing = 0;
		};
		69C92F6328A3D86F00F2E878 /* Sources */ = {
			isa = PBXSourcesBuildPhase;
			buildActionMask = 2147483647;
			files = (
				69C92F6C28A3D86F00F2E878 /* FindTeamerTests.swift in Sources */,
			);
			runOnlyForDeploymentPostprocessing = 0;
		};
		69C92F6D28A3D86F00F2E878 /* Sources */ = {
			isa = PBXSourcesBuildPhase;
			buildActionMask = 2147483647;
			files = (
				69C92F7628A3D86F00F2E878 /* FindTeamerUITests.swift in Sources */,
				69C92F7828A3D86F00F2E878 /* FindTeamerUITestsLaunchTests.swift in Sources */,
			);
			runOnlyForDeploymentPostprocessing = 0;
		};
/* End PBXSourcesBuildPhase section */

/* Begin PBXTargetDependency section */
		69C92F6928A3D86F00F2E878 /* PBXTargetDependency */ = {
			isa = PBXTargetDependency;
			target = 69C92F5128A3D86D00F2E878 /* FindTeamer */;
			targetProxy = 69C92F6828A3D86F00F2E878 /* PBXContainerItemProxy */;
		};
		69C92F7328A3D86F00F2E878 /* PBXTargetDependency */ = {
			isa = PBXTargetDependency;
			target = 69C92F5128A3D86D00F2E878 /* FindTeamer */;
			targetProxy = 69C92F7228A3D86F00F2E878 /* PBXContainerItemProxy */;
		};
/* End PBXTargetDependency section */

/* Begin XCBuildConfiguration section */
		69C92F7928A3D86F00F2E878 /* Debug */ = {
			isa = XCBuildConfiguration;
			buildSettings = {
				ALWAYS_SEARCH_USER_PATHS = NO;
				CLANG_ANALYZER_NONNULL = YES;
				CLANG_ANALYZER_NUMBER_OBJECT_CONVERSION = YES_AGGRESSIVE;
				CLANG_CXX_LANGUAGE_STANDARD = "gnu++17";
				CLANG_ENABLE_MODULES = YES;
				CLANG_ENABLE_OBJC_ARC = YES;
				CLANG_ENABLE_OBJC_WEAK = YES;
				CLANG_WARN_BLOCK_CAPTURE_AUTORELEASING = YES;
				CLANG_WARN_BOOL_CONVERSION = YES;
				CLANG_WARN_COMMA = YES;
				CLANG_WARN_CONSTANT_CONVERSION = YES;
				CLANG_WARN_DEPRECATED_OBJC_IMPLEMENTATIONS = YES;
				CLANG_WARN_DIRECT_OBJC_ISA_USAGE = YES_ERROR;
				CLANG_WARN_DOCUMENTATION_COMMENTS = YES;
				CLANG_WARN_EMPTY_BODY = YES;
				CLANG_WARN_ENUM_CONVERSION = YES;
				CLANG_WARN_INFINITE_RECURSION = YES;
				CLANG_WARN_INT_CONVERSION = YES;
				CLANG_WARN_NON_LITERAL_NULL_CONVERSION = YES;
				CLANG_WARN_OBJC_IMPLICIT_RETAIN_SELF = YES;
				CLANG_WARN_OBJC_LITERAL_CONVERSION = YES;
				CLANG_WARN_OBJC_ROOT_CLASS = YES_ERROR;
				CLANG_WARN_QUOTED_INCLUDE_IN_FRAMEWORK_HEADER = YES;
				CLANG_WARN_RANGE_LOOP_ANALYSIS = YES;
				CLANG_WARN_STRICT_PROTOTYPES = YES;
				CLANG_WARN_SUSPICIOUS_MOVE = YES;
				CLANG_WARN_UNGUARDED_AVAILABILITY = YES_AGGRESSIVE;
				CLANG_WARN_UNREACHABLE_CODE = YES;
				CLANG_WARN__DUPLICATE_METHOD_MATCH = YES;
				COPY_PHASE_STRIP = NO;
				DEBUG_INFORMATION_FORMAT = dwarf;
				ENABLE_STRICT_OBJC_MSGSEND = YES;
				ENABLE_TESTABILITY = YES;
				GCC_C_LANGUAGE_STANDARD = gnu11;
				GCC_DYNAMIC_NO_PIC = NO;
				GCC_NO_COMMON_BLOCKS = YES;
				GCC_OPTIMIZATION_LEVEL = 0;
				GCC_PREPROCESSOR_DEFINITIONS = (
					"DEBUG=1",
					"$(inherited)",
				);
				GCC_WARN_64_TO_32_BIT_CONVERSION = YES;
				GCC_WARN_ABOUT_RETURN_TYPE = YES_ERROR;
				GCC_WARN_UNDECLARED_SELECTOR = YES;
				GCC_WARN_UNINITIALIZED_AUTOS = YES_AGGRESSIVE;
				GCC_WARN_UNUSED_FUNCTION = YES;
				GCC_WARN_UNUSED_VARIABLE = YES;
				IPHONEOS_DEPLOYMENT_TARGET = 15.5;
				MTL_ENABLE_DEBUG_INFO = INCLUDE_SOURCE;
				MTL_FAST_MATH = YES;
				ONLY_ACTIVE_ARCH = YES;
				SDKROOT = iphoneos;
				SWIFT_ACTIVE_COMPILATION_CONDITIONS = DEBUG;
				SWIFT_OPTIMIZATION_LEVEL = "-Onone";
			};
			name = Debug;
		};
		69C92F7A28A3D86F00F2E878 /* Release */ = {
			isa = XCBuildConfiguration;
			buildSettings = {
				ALWAYS_SEARCH_USER_PATHS = NO;
				CLANG_ANALYZER_NONNULL = YES;
				CLANG_ANALYZER_NUMBER_OBJECT_CONVERSION = YES_AGGRESSIVE;
				CLANG_CXX_LANGUAGE_STANDARD = "gnu++17";
				CLANG_ENABLE_MODULES = YES;
				CLANG_ENABLE_OBJC_ARC = YES;
				CLANG_ENABLE_OBJC_WEAK = YES;
				CLANG_WARN_BLOCK_CAPTURE_AUTORELEASING = YES;
				CLANG_WARN_BOOL_CONVERSION = YES;
				CLANG_WARN_COMMA = YES;
				CLANG_WARN_CONSTANT_CONVERSION = YES;
				CLANG_WARN_DEPRECATED_OBJC_IMPLEMENTATIONS = YES;
				CLANG_WARN_DIRECT_OBJC_ISA_USAGE = YES_ERROR;
				CLANG_WARN_DOCUMENTATION_COMMENTS = YES;
				CLANG_WARN_EMPTY_BODY = YES;
				CLANG_WARN_ENUM_CONVERSION = YES;
				CLANG_WARN_INFINITE_RECURSION = YES;
				CLANG_WARN_INT_CONVERSION = YES;
				CLANG_WARN_NON_LITERAL_NULL_CONVERSION = YES;
				CLANG_WARN_OBJC_IMPLICIT_RETAIN_SELF = YES;
				CLANG_WARN_OBJC_LITERAL_CONVERSION = YES;
				CLANG_WARN_OBJC_ROOT_CLASS = YES_ERROR;
				CLANG_WARN_QUOTED_INCLUDE_IN_FRAMEWORK_HEADER = YES;
				CLANG_WARN_RANGE_LOOP_ANALYSIS = YES;
				CLANG_WARN_STRICT_PROTOTYPES = YES;
				CLANG_WARN_SUSPICIOUS_MOVE = YES;
				CLANG_WARN_UNGUARDED_AVAILABILITY = YES_AGGRESSIVE;
				CLANG_WARN_UNREACHABLE_CODE = YES;
				CLANG_WARN__DUPLICATE_METHOD_MATCH = YES;
				COPY_PHASE_STRIP = NO;
				DEBUG_INFORMATION_FORMAT = "dwarf-with-dsym";
				ENABLE_NS_ASSERTIONS = NO;
				ENABLE_STRICT_OBJC_MSGSEND = YES;
				GCC_C_LANGUAGE_STANDARD = gnu11;
				GCC_NO_COMMON_BLOCKS = YES;
				GCC_WARN_64_TO_32_BIT_CONVERSION = YES;
				GCC_WARN_ABOUT_RETURN_TYPE = YES_ERROR;
				GCC_WARN_UNDECLARED_SELECTOR = YES;
				GCC_WARN_UNINITIALIZED_AUTOS = YES_AGGRESSIVE;
				GCC_WARN_UNUSED_FUNCTION = YES;
				GCC_WARN_UNUSED_VARIABLE = YES;
				IPHONEOS_DEPLOYMENT_TARGET = 15.5;
				MTL_ENABLE_DEBUG_INFO = NO;
				MTL_FAST_MATH = YES;
				SDKROOT = iphoneos;
				SWIFT_COMPILATION_MODE = wholemodule;
				SWIFT_OPTIMIZATION_LEVEL = "-O";
				VALIDATE_PRODUCT = YES;
			};
			name = Release;
		};
		69C92F7C28A3D86F00F2E878 /* Debug */ = {
			isa = XCBuildConfiguration;
			baseConfigurationReference = F69636143EDAC2022C2707DA /* Pods-FindTeamer.debug.xcconfig */;
			buildSettings = {
				ASSETCATALOG_COMPILER_APPICON_NAME = AppIcon;
				ASSETCATALOG_COMPILER_GLOBAL_ACCENT_COLOR_NAME = AccentColor;
				CODE_SIGN_STYLE = Automatic;
				CURRENT_PROJECT_VERSION = 1;
				DEVELOPMENT_ASSET_PATHS = "\"FindTeamer/Preview Content\"";
				DEVELOPMENT_TEAM = 8T6ZYF9662;
				ENABLE_PREVIEWS = YES;
				GENERATE_INFOPLIST_FILE = YES;
				INFOPLIST_KEY_UIApplicationSceneManifest_Generation = YES;
				INFOPLIST_KEY_UIApplicationSupportsIndirectInputEvents = YES;
				INFOPLIST_KEY_UILaunchScreen_Generation = YES;
				INFOPLIST_KEY_UISupportedInterfaceOrientations_iPad = "UIInterfaceOrientationPortrait UIInterfaceOrientationPortraitUpsideDown UIInterfaceOrientationLandscapeLeft UIInterfaceOrientationLandscapeRight";
				INFOPLIST_KEY_UISupportedInterfaceOrientations_iPhone = "UIInterfaceOrientationPortrait UIInterfaceOrientationLandscapeLeft UIInterfaceOrientationLandscapeRight";
				LD_RUNPATH_SEARCH_PATHS = (
					"$(inherited)",
					"@executable_path/Frameworks",
				);
				MARKETING_VERSION = 1.0;
				PRODUCT_BUNDLE_IDENTIFIER = findTeamer.FindTeamer;
				PRODUCT_NAME = "$(TARGET_NAME)";
				SWIFT_EMIT_LOC_STRINGS = YES;
				SWIFT_VERSION = 5.0;
				TARGETED_DEVICE_FAMILY = "1,2";
			};
			name = Debug;
		};
		69C92F7D28A3D86F00F2E878 /* Release */ = {
			isa = XCBuildConfiguration;
			baseConfigurationReference = 26389BC0B14AEDC5784EB648 /* Pods-FindTeamer.release.xcconfig */;
			buildSettings = {
				ASSETCATALOG_COMPILER_APPICON_NAME = AppIcon;
				ASSETCATALOG_COMPILER_GLOBAL_ACCENT_COLOR_NAME = AccentColor;
				CODE_SIGN_STYLE = Automatic;
				CURRENT_PROJECT_VERSION = 1;
				DEVELOPMENT_ASSET_PATHS = "\"FindTeamer/Preview Content\"";
				DEVELOPMENT_TEAM = 8T6ZYF9662;
				ENABLE_PREVIEWS = YES;
				GENERATE_INFOPLIST_FILE = YES;
				INFOPLIST_KEY_UIApplicationSceneManifest_Generation = YES;
				INFOPLIST_KEY_UIApplicationSupportsIndirectInputEvents = YES;
				INFOPLIST_KEY_UILaunchScreen_Generation = YES;
				INFOPLIST_KEY_UISupportedInterfaceOrientations_iPad = "UIInterfaceOrientationPortrait UIInterfaceOrientationPortraitUpsideDown UIInterfaceOrientationLandscapeLeft UIInterfaceOrientationLandscapeRight";
				INFOPLIST_KEY_UISupportedInterfaceOrientations_iPhone = "UIInterfaceOrientationPortrait UIInterfaceOrientationLandscapeLeft UIInterfaceOrientationLandscapeRight";
				LD_RUNPATH_SEARCH_PATHS = (
					"$(inherited)",
					"@executable_path/Frameworks",
				);
				MARKETING_VERSION = 1.0;
				PRODUCT_BUNDLE_IDENTIFIER = findTeamer.FindTeamer;
				PRODUCT_NAME = "$(TARGET_NAME)";
				SWIFT_EMIT_LOC_STRINGS = YES;
				SWIFT_VERSION = 5.0;
				TARGETED_DEVICE_FAMILY = "1,2";
			};
			name = Release;
		};
		69C92F7F28A3D86F00F2E878 /* Debug */ = {
			isa = XCBuildConfiguration;
			baseConfigurationReference = 4DD438B02DADA8200452B4F8 /* Pods-FindTeamerTests.debug.xcconfig */;
			buildSettings = {
				ALWAYS_EMBED_SWIFT_STANDARD_LIBRARIES = YES;
				BUNDLE_LOADER = "$(TEST_HOST)";
				CODE_SIGN_STYLE = Automatic;
				CURRENT_PROJECT_VERSION = 1;
				GENERATE_INFOPLIST_FILE = YES;
				IPHONEOS_DEPLOYMENT_TARGET = 15.5;
				MARKETING_VERSION = 1.0;
				PRODUCT_BUNDLE_IDENTIFIER = findTeamer.FindTeamerTests;
				PRODUCT_NAME = "$(TARGET_NAME)";
				SWIFT_EMIT_LOC_STRINGS = NO;
				SWIFT_VERSION = 5.0;
				TARGETED_DEVICE_FAMILY = "1,2";
				TEST_HOST = "$(BUILT_PRODUCTS_DIR)/FindTeamer.app/FindTeamer";
			};
			name = Debug;
		};
		69C92F8028A3D86F00F2E878 /* Release */ = {
			isa = XCBuildConfiguration;
			baseConfigurationReference = FC0B5DDE579EBED5DCE3DF87 /* Pods-FindTeamerTests.release.xcconfig */;
			buildSettings = {
				ALWAYS_EMBED_SWIFT_STANDARD_LIBRARIES = YES;
				BUNDLE_LOADER = "$(TEST_HOST)";
				CODE_SIGN_STYLE = Automatic;
				CURRENT_PROJECT_VERSION = 1;
				GENERATE_INFOPLIST_FILE = YES;
				IPHONEOS_DEPLOYMENT_TARGET = 15.5;
				MARKETING_VERSION = 1.0;
				PRODUCT_BUNDLE_IDENTIFIER = findTeamer.FindTeamerTests;
				PRODUCT_NAME = "$(TARGET_NAME)";
				SWIFT_EMIT_LOC_STRINGS = NO;
				SWIFT_VERSION = 5.0;
				TARGETED_DEVICE_FAMILY = "1,2";
				TEST_HOST = "$(BUILT_PRODUCTS_DIR)/FindTeamer.app/FindTeamer";
			};
			name = Release;
		};
		69C92F8228A3D86F00F2E878 /* Debug */ = {
			isa = XCBuildConfiguration;
			baseConfigurationReference = 65936D161F62317BFBB284E6 /* Pods-FindTeamer-FindTeamerUITests.debug.xcconfig */;
			buildSettings = {
				ALWAYS_EMBED_SWIFT_STANDARD_LIBRARIES = YES;
				CODE_SIGN_STYLE = Automatic;
				CURRENT_PROJECT_VERSION = 1;
				GENERATE_INFOPLIST_FILE = YES;
				MARKETING_VERSION = 1.0;
				PRODUCT_BUNDLE_IDENTIFIER = findTeamer.FindTeamerUITests;
				PRODUCT_NAME = "$(TARGET_NAME)";
				SWIFT_EMIT_LOC_STRINGS = NO;
				SWIFT_VERSION = 5.0;
				TARGETED_DEVICE_FAMILY = "1,2";
				TEST_TARGET_NAME = FindTeamer;
			};
			name = Debug;
		};
		69C92F8328A3D86F00F2E878 /* Release */ = {
			isa = XCBuildConfiguration;
			baseConfigurationReference = 8013907F3E525CC2180781A8 /* Pods-FindTeamer-FindTeamerUITests.release.xcconfig */;
			buildSettings = {
				ALWAYS_EMBED_SWIFT_STANDARD_LIBRARIES = YES;
				CODE_SIGN_STYLE = Automatic;
				CURRENT_PROJECT_VERSION = 1;
				GENERATE_INFOPLIST_FILE = YES;
				MARKETING_VERSION = 1.0;
				PRODUCT_BUNDLE_IDENTIFIER = findTeamer.FindTeamerUITests;
				PRODUCT_NAME = "$(TARGET_NAME)";
				SWIFT_EMIT_LOC_STRINGS = NO;
				SWIFT_VERSION = 5.0;
				TARGETED_DEVICE_FAMILY = "1,2";
				TEST_TARGET_NAME = FindTeamer;
			};
			name = Release;
		};
/* End XCBuildConfiguration section */

/* Begin XCConfigurationList section */
		69C92F4D28A3D86D00F2E878 /* Build configuration list for PBXProject "FindTeamer" */ = {
			isa = XCConfigurationList;
			buildConfigurations = (
				69C92F7928A3D86F00F2E878 /* Debug */,
				69C92F7A28A3D86F00F2E878 /* Release */,
			);
			defaultConfigurationIsVisible = 0;
			defaultConfigurationName = Release;
		};
		69C92F7B28A3D86F00F2E878 /* Build configuration list for PBXNativeTarget "FindTeamer" */ = {
			isa = XCConfigurationList;
			buildConfigurations = (
				69C92F7C28A3D86F00F2E878 /* Debug */,
				69C92F7D28A3D86F00F2E878 /* Release */,
			);
			defaultConfigurationIsVisible = 0;
			defaultConfigurationName = Release;
		};
		69C92F7E28A3D86F00F2E878 /* Build configuration list for PBXNativeTarget "FindTeamerTests" */ = {
			isa = XCConfigurationList;
			buildConfigurations = (
				69C92F7F28A3D86F00F2E878 /* Debug */,
				69C92F8028A3D86F00F2E878 /* Release */,
			);
			defaultConfigurationIsVisible = 0;
			defaultConfigurationName = Release;
		};
		69C92F8128A3D86F00F2E878 /* Build configuration list for PBXNativeTarget "FindTeamerUITests" */ = {
			isa = XCConfigurationList;
			buildConfigurations = (
				69C92F8228A3D86F00F2E878 /* Debug */,
				69C92F8328A3D86F00F2E878 /* Release */,
			);
			defaultConfigurationIsVisible = 0;
			defaultConfigurationName = Release;
		};
/* End XCConfigurationList section */

/* Begin XCRemoteSwiftPackageReference section */
		691A010D28BE17F700E09018 /* XCRemoteSwiftPackageReference "firebase-ios-sdk" */ = {
			isa = XCRemoteSwiftPackageReference;
			repositoryURL = "https://github.com/firebase/firebase-ios-sdk";
			requirement = {
				kind = upToNextMajorVersion;
				minimumVersion = 8.11.0;
			};
		};
		69327C2628AB8BE1004F7C99 /* XCRemoteSwiftPackageReference "firebase-ios-sdk" */ = {
			isa = XCRemoteSwiftPackageReference;
			repositoryURL = "https://github.com/firebase/firebase-ios-sdk";
			requirement = {
				kind = upToNextMajorVersion;
				minimumVersion = 8.11.0;
			};
		};
		693FF4A128BB780C00CDBBFE /* XCRemoteSwiftPackageReference "firebase-ios-sdk" */ = {
			isa = XCRemoteSwiftPackageReference;
			repositoryURL = "https://github.com/firebase/firebase-ios-sdk";
			requirement = {
				kind = upToNextMajorVersion;
				minimumVersion = 8.11.0;
			};
		};
/* End XCRemoteSwiftPackageReference section */

/* Begin XCSwiftPackageProductDependency section */
		69327C2728AB8BE1004F7C99 /* FirebaseAuth */ = {
			isa = XCSwiftPackageProductDependency;
			package = 69327C2628AB8BE1004F7C99 /* XCRemoteSwiftPackageReference "firebase-ios-sdk" */;
			productName = FirebaseAuth;
		};
		693FF4A228BB780C00CDBBFE /* FirebaseAuth */ = {
			isa = XCSwiftPackageProductDependency;
			package = 693FF4A128BB780C00CDBBFE /* XCRemoteSwiftPackageReference "firebase-ios-sdk" */;
			productName = FirebaseAuth;
		};
		693FF4A428BB780C00CDBBFE /* FirebaseDatabase */ = {
			isa = XCSwiftPackageProductDependency;
			package = 693FF4A128BB780C00CDBBFE /* XCRemoteSwiftPackageReference "firebase-ios-sdk" */;
			productName = FirebaseDatabase;
		};
		693FF4A628BB780C00CDBBFE /* FirebaseFirestore */ = {
			isa = XCSwiftPackageProductDependency;
			package = 693FF4A128BB780C00CDBBFE /* XCRemoteSwiftPackageReference "firebase-ios-sdk" */;
			productName = FirebaseFirestore;
		};
		693FF4A828BB780C00CDBBFE /* FirebaseStorage */ = {
			isa = XCSwiftPackageProductDependency;
			package = 693FF4A128BB780C00CDBBFE /* XCRemoteSwiftPackageReference "firebase-ios-sdk" */;
			productName = FirebaseStorage;
		};
		694C1CE928CF65A9002D95EB /* FirebaseFirestoreSwift-Beta */ = {
			isa = XCSwiftPackageProductDependency;
			package = 69327C2628AB8BE1004F7C99 /* XCRemoteSwiftPackageReference "firebase-ios-sdk" */;
			productName = "FirebaseFirestoreSwift-Beta";
		};
/* End XCSwiftPackageProductDependency section */

/* Begin XCVersionGroup section */
		69C92F6028A3D86F00F2E878 /* FindTeamer.xcdatamodeld */ = {
			isa = XCVersionGroup;
			children = (
				69C92F6128A3D86F00F2E878 /* FindTeamer.xcdatamodel */,
			);
			currentVersion = 69C92F6128A3D86F00F2E878 /* FindTeamer.xcdatamodel */;
			path = FindTeamer.xcdatamodeld;
			sourceTree = "<group>";
			versionGroupType = wrapper.xcdatamodel;
		};
/* End XCVersionGroup section */
	};
	rootObject = 69C92F4A28A3D86D00F2E878 /* Project object */;
}
