// !$*UTF8*$!
{
	archiveVersion = 1;
	classes = {
	};
	objectVersion = 55;
	objects = {

/* Begin PBXBuildFile section */
		69327C2328AB7E8C004F7C99 /* LoginView.swift in Sources */ = {isa = PBXBuildFile; fileRef = 69327C2228AB7E8C004F7C99 /* LoginView.swift */; };
		69327C2528AB8B2E004F7C99 /* GoogleService-Info.plist in Resources */ = {isa = PBXBuildFile; fileRef = 69327C2428AB8B2E004F7C99 /* GoogleService-Info.plist */; };
		69327C2828AB8BE1004F7C99 /* FirebaseAuth in Frameworks */ = {isa = PBXBuildFile; productRef = 69327C2728AB8BE1004F7C99 /* FirebaseAuth */; };
		69C92F5628A3D86D00F2E878 /* FindTeamerApp.swift in Sources */ = {isa = PBXBuildFile; fileRef = 69C92F5528A3D86D00F2E878 /* FindTeamerApp.swift */; };
		69C92F5828A3D86D00F2E878 /* ContentView.swift in Sources */ = {isa = PBXBuildFile; fileRef = 69C92F5728A3D86D00F2E878 /* ContentView.swift */; };
		69C92F5A28A3D86F00F2E878 /* Assets.xcassets in Resources */ = {isa = PBXBuildFile; fileRef = 69C92F5928A3D86F00F2E878 /* Assets.xcassets */; };
		69C92F5D28A3D86F00F2E878 /* Preview Assets.xcassets in Resources */ = {isa = PBXBuildFile; fileRef = 69C92F5C28A3D86F00F2E878 /* Preview Assets.xcassets */; };
		69C92F5F28A3D86F00F2E878 /* Persistence.swift in Sources */ = {isa = PBXBuildFile; fileRef = 69C92F5E28A3D86F00F2E878 /* Persistence.swift */; };
		69C92F6228A3D86F00F2E878 /* FindTeamer.xcdatamodeld in Sources */ = {isa = PBXBuildFile; fileRef = 69C92F6028A3D86F00F2E878 /* FindTeamer.xcdatamodeld */; };
		69C92F6C28A3D86F00F2E878 /* FindTeamerTests.swift in Sources */ = {isa = PBXBuildFile; fileRef = 69C92F6B28A3D86F00F2E878 /* FindTeamerTests.swift */; };
		69C92F7628A3D86F00F2E878 /* FindTeamerUITests.swift in Sources */ = {isa = PBXBuildFile; fileRef = 69C92F7528A3D86F00F2E878 /* FindTeamerUITests.swift */; };
		69C92F7828A3D86F00F2E878 /* FindTeamerUITestsLaunchTests.swift in Sources */ = {isa = PBXBuildFile; fileRef = 69C92F7728A3D86F00F2E878 /* FindTeamerUITestsLaunchTests.swift */; };
/* End PBXBuildFile section */

/* Begin PBXContainerItemProxy section */
		69C92F6828A3D86F00F2E878 /* PBXContainerItemProxy */ = {
			isa = PBXContainerItemProxy;
			containerPortal = 69C92F4A28A3D86D00F2E878 /* Project object */;
			proxyType = 1;
			remoteGlobalIDString = 69C92F5128A3D86D00F2E878;
			remoteInfo = FindTeamer;
		};
		69C92F7228A3D86F00F2E878 /* PBXContainerItemProxy */ = {
			isa = PBXContainerItemProxy;
			containerPortal = 69C92F4A28A3D86D00F2E878 /* Project object */;
			proxyType = 1;
			remoteGlobalIDString = 69C92F5128A3D86D00F2E878;
			remoteInfo = FindTeamer;
		};
/* End PBXContainerItemProxy section */

/* Begin PBXFileReference section */
		69327C2228AB7E8C004F7C99 /* LoginView.swift */ = {isa = PBXFileReference; lastKnownFileType = sourcecode.swift; path = LoginView.swift; sourceTree = "<group>"; };
		69327C2428AB8B2E004F7C99 /* GoogleService-Info.plist */ = {isa = PBXFileReference; fileEncoding = 4; lastKnownFileType = text.plist.xml; path = "GoogleService-Info.plist"; sourceTree = "<group>"; };
		69C92F5228A3D86D00F2E878 /* FindTeamer.app */ = {isa = PBXFileReference; explicitFileType = wrapper.application; includeInIndex = 0; path = FindTeamer.app; sourceTree = BUILT_PRODUCTS_DIR; };
		69C92F5528A3D86D00F2E878 /* FindTeamerApp.swift */ = {isa = PBXFileReference; lastKnownFileType = sourcecode.swift; path = FindTeamerApp.swift; sourceTree = "<group>"; };
		69C92F5728A3D86D00F2E878 /* ContentView.swift */ = {isa = PBXFileReference; lastKnownFileType = sourcecode.swift; path = ContentView.swift; sourceTree = "<group>"; };
		69C92F5928A3D86F00F2E878 /* Assets.xcassets */ = {isa = PBXFileReference; lastKnownFileType = folder.assetcatalog; path = Assets.xcassets; sourceTree = "<group>"; };
		69C92F5C28A3D86F00F2E878 /* Preview Assets.xcassets */ = {isa = PBXFileReference; lastKnownFileType = folder.assetcatalog; path = "Preview Assets.xcassets"; sourceTree = "<group>"; };
		69C92F5E28A3D86F00F2E878 /* Persistence.swift */ = {isa = PBXFileReference; lastKnownFileType = sourcecode.swift; path = Persistence.swift; sourceTree = "<group>"; };
		69C92F6128A3D86F00F2E878 /* FindTeamer.xcdatamodel */ = {isa = PBXFileReference; lastKnownFileType = wrapper.xcdatamodel; path = FindTeamer.xcdatamodel; sourceTree = "<group>"; };
		69C92F6728A3D86F00F2E878 /* FindTeamerTests.xctest */ = {isa = PBXFileReference; explicitFileType = wrapper.cfbundle; includeInIndex = 0; path = FindTeamerTests.xctest; sourceTree = BUILT_PRODUCTS_DIR; };
		69C92F6B28A3D86F00F2E878 /* FindTeamerTests.swift */ = {isa = PBXFileReference; lastKnownFileType = sourcecode.swift; path = FindTeamerTests.swift; sourceTree = "<group>"; };
		69C92F7128A3D86F00F2E878 /* FindTeamerUITests.xctest */ = {isa = PBXFileReference; explicitFileType = wrapper.cfbundle; includeInIndex = 0; path = FindTeamerUITests.xctest; sourceTree = BUILT_PRODUCTS_DIR; };
		69C92F7528A3D86F00F2E878 /* FindTeamerUITests.swift */ = {isa = PBXFileReference; lastKnownFileType = sourcecode.swift; path = FindTeamerUITests.swift; sourceTree = "<group>"; };
		69C92F7728A3D86F00F2E878 /* FindTeamerUITestsLaunchTests.swift */ = {isa = PBXFileReference; lastKnownFileType = sourcecode.swift; path = FindTeamerUITestsLaunchTests.swift; sourceTree = "<group>"; };
/* End PBXFileReference section */

/* Begin PBXFrameworksBuildPhase section */
		69C92F4F28A3D86D00F2E878 /* Frameworks */ = {
			isa = PBXFrameworksBuildPhase;
			buildActionMask = 2147483647;
			files = (
				69327C2828AB8BE1004F7C99 /* FirebaseAuth in Frameworks */,
			);
			runOnlyForDeploymentPostprocessing = 0;
		};
		69C92F6428A3D86F00F2E878 /* Frameworks */ = {
			isa = PBXFrameworksBuildPhase;
			buildActionMask = 2147483647;
			files = (
			);
			runOnlyForDeploymentPostprocessing = 0;
		};
		69C92F6E28A3D86F00F2E878 /* Frameworks */ = {
			isa = PBXFrameworksBuildPhase;
			buildActionMask = 2147483647;
			files = (
			);
			runOnlyForDeploymentPostprocessing = 0;
		};
/* End PBXFrameworksBuildPhase section */

/* Begin PBXGroup section */
		69327C2128AB7E5E004F7C99 /* ViewsContent */ = {
			isa = PBXGroup;
			children = (
				69327C2228AB7E8C004F7C99 /* LoginView.swift */,
			);
			path = ViewsContent;
			sourceTree = "<group>";
		};
		69C92F4928A3D86D00F2E878 = {
			isa = PBXGroup;
			children = (
				69C92F5428A3D86D00F2E878 /* FindTeamer */,
				69C92F6A28A3D86F00F2E878 /* FindTeamerTests */,
				69C92F7428A3D86F00F2E878 /* FindTeamerUITests */,
				69C92F5328A3D86D00F2E878 /* Products */,
			);
			sourceTree = "<group>";
		};
		69C92F5328A3D86D00F2E878 /* Products */ = {
			isa = PBXGroup;
			children = (
				69C92F5228A3D86D00F2E878 /* FindTeamer.app */,
				69C92F6728A3D86F00F2E878 /* FindTeamerTests.xctest */,
				69C92F7128A3D86F00F2E878 /* FindTeamerUITests.xctest */,
			);
			name = Products;
			sourceTree = "<group>";
		};
		69C92F5428A3D86D00F2E878 /* FindTeamer */ = {
			isa = PBXGroup;
			children = (
				69327C2428AB8B2E004F7C99 /* GoogleService-Info.plist */,
				69327C2128AB7E5E004F7C99 /* ViewsContent */,
				69C92F5528A3D86D00F2E878 /* FindTeamerApp.swift */,
				69C92F5728A3D86D00F2E878 /* ContentView.swift */,
				69C92F5928A3D86F00F2E878 /* Assets.xcassets */,
				69C92F5E28A3D86F00F2E878 /* Persistence.swift */,
				69C92F6028A3D86F00F2E878 /* FindTeamer.xcdatamodeld */,
				69C92F5B28A3D86F00F2E878 /* Preview Content */,
			);
			path = FindTeamer;
			sourceTree = "<group>";
		};
		69C92F5B28A3D86F00F2E878 /* Preview Content */ = {
			isa = PBXGroup;
			children = (
				69C92F5C28A3D86F00F2E878 /* Preview Assets.xcassets */,
			);
			path = "Preview Content";
			sourceTree = "<group>";
		};
		69C92F6A28A3D86F00F2E878 /* FindTeamerTests */ = {
			isa = PBXGroup;
			children = (
				69C92F6B28A3D86F00F2E878 /* FindTeamerTests.swift */,
			);
			path = FindTeamerTests;
			sourceTree = "<group>";
		};
		69C92F7428A3D86F00F2E878 /* FindTeamerUITests */ = {
			isa = PBXGroup;
			children = (
				69C92F7528A3D86F00F2E878 /* FindTeamerUITests.swift */,
				69C92F7728A3D86F00F2E878 /* FindTeamerUITestsLaunchTests.swift */,
			);
			path = FindTeamerUITests;
			sourceTree = "<group>";
		};
/* End PBXGroup section */

/* Begin PBXNativeTarget section */
		69C92F5128A3D86D00F2E878 /* FindTeamer */ = {
			isa = PBXNativeTarget;
			buildConfigurationList = 69C92F7B28A3D86F00F2E878 /* Build configuration list for PBXNativeTarget "FindTeamer" */;
			buildPhases = (
				69C92F4E28A3D86D00F2E878 /* Sources */,
				69C92F4F28A3D86D00F2E878 /* Frameworks */,
				69C92F5028A3D86D00F2E878 /* Resources */,
			);
			buildRules = (
			);
			dependencies = (
			);
			name = FindTeamer;
			packageProductDependencies = (
				69327C2728AB8BE1004F7C99 /* FirebaseAuth */,
			);
			productName = FindTeamer;
			productReference = 69C92F5228A3D86D00F2E878 /* FindTeamer.app */;
			productType = "com.apple.product-type.application";
		};
		69C92F6628A3D86F00F2E878 /* FindTeamerTests */ = {
			isa = PBXNativeTarget;
			buildConfigurationList = 69C92F7E28A3D86F00F2E878 /* Build configuration list for PBXNativeTarget "FindTeamerTests" */;
			buildPhases = (
				69C92F6328A3D86F00F2E878 /* Sources */,
				69C92F6428A3D86F00F2E878 /* Frameworks */,
				69C92F6528A3D86F00F2E878 /* Resources */,
			);
			buildRules = (
			);
			dependencies = (
				69C92F6928A3D86F00F2E878 /* PBXTargetDependency */,
			);
			name = FindTeamerTests;
			productName = FindTeamerTests;
			productReference = 69C92F6728A3D86F00F2E878 /* FindTeamerTests.xctest */;
			productType = "com.apple.product-type.bundle.unit-test";
		};
		69C92F7028A3D86F00F2E878 /* FindTeamerUITests */ = {
			isa = PBXNativeTarget;
			buildConfigurationList = 69C92F8128A3D86F00F2E878 /* Build configuration list for PBXNativeTarget "FindTeamerUITests" */;
			buildPhases = (
				69C92F6D28A3D86F00F2E878 /* Sources */,
				69C92F6E28A3D86F00F2E878 /* Frameworks */,
				69C92F6F28A3D86F00F2E878 /* Resources */,
			);
			buildRules = (
			);
			dependencies = (
				69C92F7328A3D86F00F2E878 /* PBXTargetDependency */,
			);
			name = FindTeamerUITests;
			productName = FindTeamerUITests;
			productReference = 69C92F7128A3D86F00F2E878 /* FindTeamerUITests.xctest */;
			productType = "com.apple.product-type.bundle.ui-testing";
		};
/* End PBXNativeTarget section */

/* Begin PBXProject section */
		69C92F4A28A3D86D00F2E878 /* Project object */ = {
			isa = PBXProject;
			attributes = {
				BuildIndependentTargetsInParallel = 1;
				LastSwiftUpdateCheck = 1340;
				LastUpgradeCheck = 1340;
				TargetAttributes = {
					69C92F5128A3D86D00F2E878 = {
						CreatedOnToolsVersion = 13.4.1;
					};
					69C92F6628A3D86F00F2E878 = {
						CreatedOnToolsVersion = 13.4.1;
						TestTargetID = 69C92F5128A3D86D00F2E878;
					};
					69C92F7028A3D86F00F2E878 = {
						CreatedOnToolsVersion = 13.4.1;
						TestTargetID = 69C92F5128A3D86D00F2E878;
					};
				};
			};
			buildConfigurationList = 69C92F4D28A3D86D00F2E878 /* Build configuration list for PBXProject "FindTeamer" */;
			compatibilityVersion = "Xcode 13.0";
			developmentRegion = en;
			hasScannedForEncodings = 0;
			knownRegions = (
				en,
				Base,
			);
			mainGroup = 69C92F4928A3D86D00F2E878;
			packageReferences = (
				69327C2628AB8BE1004F7C99 /* XCRemoteSwiftPackageReference "firebase-ios-sdk" */,
			);
			productRefGroup = 69C92F5328A3D86D00F2E878 /* Products */;
			projectDirPath = "";
			projectRoot = "";
			targets = (
				69C92F5128A3D86D00F2E878 /* FindTeamer */,
				69C92F6628A3D86F00F2E878 /* FindTeamerTests */,
				69C92F7028A3D86F00F2E878 /* FindTeamerUITests */,
			);
		};
/* End PBXProject section */

/* Begin PBXResourcesBuildPhase section */
		69C92F5028A3D86D00F2E878 /* Resources */ = {
			isa = PBXResourcesBuildPhase;
			buildActionMask = 2147483647;
			files = (
				69C92F5D28A3D86F00F2E878 /* Preview Assets.xcassets in Resources */,
				69C92F5A28A3D86F00F2E878 /* Assets.xcassets in Resources */,
				69327C2528AB8B2E004F7C99 /* GoogleService-Info.plist in Resources */,
			);
			runOnlyForDeploymentPostprocessing = 0;
		};
		69C92F6528A3D86F00F2E878 /* Resources */ = {
			isa = PBXResourcesBuildPhase;
			buildActionMask = 2147483647;
			files = (
			);
			runOnlyForDeploymentPostprocessing = 0;
		};
		69C92F6F28A3D86F00F2E878 /* Resources */ = {
			isa = PBXResourcesBuildPhase;
			buildActionMask = 2147483647;
			files = (
			);
			runOnlyForDeploymentPostprocessing = 0;
		};
/* End PBXResourcesBuildPhase section */

/* Begin PBXSourcesBuildPhase section */
		69C92F4E28A3D86D00F2E878 /* Sources */ = {
			isa = PBXSourcesBuildPhase;
			buildActionMask = 2147483647;
			files = (
				69C92F5F28A3D86F00F2E878 /* Persistence.swift in Sources */,
				69C92F5828A3D86D00F2E878 /* ContentView.swift in Sources */,
				69C92F6228A3D86F00F2E878 /* FindTeamer.xcdatamodeld in Sources */,
				69327C2328AB7E8C004F7C99 /* LoginView.swift in Sources */,
				69C92F5628A3D86D00F2E878 /* FindTeamerApp.swift in Sources */,
			);
			runOnlyForDeploymentPostprocessing = 0;
		};
		69C92F6328A3D86F00F2E878 /* Sources */ = {
			isa = PBXSourcesBuildPhase;
			buildActionMask = 2147483647;
			files = (
				69C92F6C28A3D86F00F2E878 /* FindTeamerTests.swift in Sources */,
			);
			runOnlyForDeploymentPostprocessing = 0;
		};
		69C92F6D28A3D86F00F2E878 /* Sources */ = {
			isa = PBXSourcesBuildPhase;
			buildActionMask = 2147483647;
			files = (
				69C92F7628A3D86F00F2E878 /* FindTeamerUITests.swift in Sources */,
				69C92F7828A3D86F00F2E878 /* FindTeamerUITestsLaunchTests.swift in Sources */,
			);
			runOnlyForDeploymentPostprocessing = 0;
		};
/* End PBXSourcesBuildPhase section */

/* Begin PBXTargetDependency section */
		69C92F6928A3D86F00F2E878 /* PBXTargetDependency */ = {
			isa = PBXTargetDependency;
			target = 69C92F5128A3D86D00F2E878 /* FindTeamer */;
			targetProxy = 69C92F6828A3D86F00F2E878 /* PBXContainerItemProxy */;
		};
		69C92F7328A3D86F00F2E878 /* PBXTargetDependency */ = {
			isa = PBXTargetDependency;
			target = 69C92F5128A3D86D00F2E878 /* FindTeamer */;
			targetProxy = 69C92F7228A3D86F00F2E878 /* PBXContainerItemProxy */;
		};
/* End PBXTargetDependency section */

/* Begin XCBuildConfiguration section */
		69C92F7928A3D86F00F2E878 /* Debug */ = {
			isa = XCBuildConfiguration;
			buildSettings = {
				ALWAYS_SEARCH_USER_PATHS = NO;
				CLANG_ANALYZER_NONNULL = YES;
				CLANG_ANALYZER_NUMBER_OBJECT_CONVERSION = YES_AGGRESSIVE;
				CLANG_CXX_LANGUAGE_STANDARD = "gnu++17";
				CLANG_ENABLE_MODULES = YES;
				CLANG_ENABLE_OBJC_ARC = YES;
				CLANG_ENABLE_OBJC_WEAK = YES;
				CLANG_WARN_BLOCK_CAPTURE_AUTORELEASING = YES;
				CLANG_WARN_BOOL_CONVERSION = YES;
				CLANG_WARN_COMMA = YES;
				CLANG_WARN_CONSTANT_CONVERSION = YES;
				CLANG_WARN_DEPRECATED_OBJC_IMPLEMENTATIONS = YES;
				CLANG_WARN_DIRECT_OBJC_ISA_USAGE = YES_ERROR;
				CLANG_WARN_DOCUMENTATION_COMMENTS = YES;
				CLANG_WARN_EMPTY_BODY = YES;
				CLANG_WARN_ENUM_CONVERSION = YES;
				CLANG_WARN_INFINITE_RECURSION = YES;
				CLANG_WARN_INT_CONVERSION = YES;
				CLANG_WARN_NON_LITERAL_NULL_CONVERSION = YES;
				CLANG_WARN_OBJC_IMPLICIT_RETAIN_SELF = YES;
				CLANG_WARN_OBJC_LITERAL_CONVERSION = YES;
				CLANG_WARN_OBJC_ROOT_CLASS = YES_ERROR;
				CLANG_WARN_QUOTED_INCLUDE_IN_FRAMEWORK_HEADER = YES;
				CLANG_WARN_RANGE_LOOP_ANALYSIS = YES;
				CLANG_WARN_STRICT_PROTOTYPES = YES;
				CLANG_WARN_SUSPICIOUS_MOVE = YES;
				CLANG_WARN_UNGUARDED_AVAILABILITY = YES_AGGRESSIVE;
				CLANG_WARN_UNREACHABLE_CODE = YES;
				CLANG_WARN__DUPLICATE_METHOD_MATCH = YES;
				COPY_PHASE_STRIP = NO;
				DEBUG_INFORMATION_FORMAT = dwarf;
				ENABLE_STRICT_OBJC_MSGSEND = YES;
				ENABLE_TESTABILITY = YES;
				GCC_C_LANGUAGE_STANDARD = gnu11;
				GCC_DYNAMIC_NO_PIC = NO;
				GCC_NO_COMMON_BLOCKS = YES;
				GCC_OPTIMIZATION_LEVEL = 0;
				GCC_PREPROCESSOR_DEFINITIONS = (
					"DEBUG=1",
					"$(inherited)",
				);
				GCC_WARN_64_TO_32_BIT_CONVERSION = YES;
				GCC_WARN_ABOUT_RETURN_TYPE = YES_ERROR;
				GCC_WARN_UNDECLARED_SELECTOR = YES;
				GCC_WARN_UNINITIALIZED_AUTOS = YES_AGGRESSIVE;
				GCC_WARN_UNUSED_FUNCTION = YES;
				GCC_WARN_UNUSED_VARIABLE = YES;
				IPHONEOS_DEPLOYMENT_TARGET = 15.5;
				MTL_ENABLE_DEBUG_INFO = INCLUDE_SOURCE;
				MTL_FAST_MATH = YES;
				ONLY_ACTIVE_ARCH = YES;
				SDKROOT = iphoneos;
				SWIFT_ACTIVE_COMPILATION_CONDITIONS = DEBUG;
				SWIFT_OPTIMIZATION_LEVEL = "-Onone";
			};
			name = Debug;
		};
		69C92F7A28A3D86F00F2E878 /* Release */ = {
			isa = XCBuildConfiguration;
			buildSettings = {
				ALWAYS_SEARCH_USER_PATHS = NO;
				CLANG_ANALYZER_NONNULL = YES;
				CLANG_ANALYZER_NUMBER_OBJECT_CONVERSION = YES_AGGRESSIVE;
				CLANG_CXX_LANGUAGE_STANDARD = "gnu++17";
				CLANG_ENABLE_MODULES = YES;
				CLANG_ENABLE_OBJC_ARC = YES;
				CLANG_ENABLE_OBJC_WEAK = YES;
				CLANG_WARN_BLOCK_CAPTURE_AUTORELEASING = YES;
				CLANG_WARN_BOOL_CONVERSION = YES;
				CLANG_WARN_COMMA = YES;
				CLANG_WARN_CONSTANT_CONVERSION = YES;
				CLANG_WARN_DEPRECATED_OBJC_IMPLEMENTATIONS = YES;
				CLANG_WARN_DIRECT_OBJC_ISA_USAGE = YES_ERROR;
				CLANG_WARN_DOCUMENTATION_COMMENTS = YES;
				CLANG_WARN_EMPTY_BODY = YES;
				CLANG_WARN_ENUM_CONVERSION = YES;
				CLANG_WARN_INFINITE_RECURSION = YES;
				CLANG_WARN_INT_CONVERSION = YES;
				CLANG_WARN_NON_LITERAL_NULL_CONVERSION = YES;
				CLANG_WARN_OBJC_IMPLICIT_RETAIN_SELF = YES;
				CLANG_WARN_OBJC_LITERAL_CONVERSION = YES;
				CLANG_WARN_OBJC_ROOT_CLASS = YES_ERROR;
				CLANG_WARN_QUOTED_INCLUDE_IN_FRAMEWORK_HEADER = YES;
				CLANG_WARN_RANGE_LOOP_ANALYSIS = YES;
				CLANG_WARN_STRICT_PROTOTYPES = YES;
				CLANG_WARN_SUSPICIOUS_MOVE = YES;
				CLANG_WARN_UNGUARDED_AVAILABILITY = YES_AGGRESSIVE;
				CLANG_WARN_UNREACHABLE_CODE = YES;
				CLANG_WARN__DUPLICATE_METHOD_MATCH = YES;
				COPY_PHASE_STRIP = NO;
				DEBUG_INFORMATION_FORMAT = "dwarf-with-dsym";
				ENABLE_NS_ASSERTIONS = NO;
				ENABLE_STRICT_OBJC_MSGSEND = YES;
				GCC_C_LANGUAGE_STANDARD = gnu11;
				GCC_NO_COMMON_BLOCKS = YES;
				GCC_WARN_64_TO_32_BIT_CONVERSION = YES;
				GCC_WARN_ABOUT_RETURN_TYPE = YES_ERROR;
				GCC_WARN_UNDECLARED_SELECTOR = YES;
				GCC_WARN_UNINITIALIZED_AUTOS = YES_AGGRESSIVE;
				GCC_WARN_UNUSED_FUNCTION = YES;
				GCC_WARN_UNUSED_VARIABLE = YES;
				IPHONEOS_DEPLOYMENT_TARGET = 15.5;
				MTL_ENABLE_DEBUG_INFO = NO;
				MTL_FAST_MATH = YES;
				SDKROOT = iphoneos;
				SWIFT_COMPILATION_MODE = wholemodule;
				SWIFT_OPTIMIZATION_LEVEL = "-O";
				VALIDATE_PRODUCT = YES;
			};
			name = Release;
		};
		69C92F7C28A3D86F00F2E878 /* Debug */ = {
			isa = XCBuildConfiguration;
			buildSettings = {
				ASSETCATALOG_COMPILER_APPICON_NAME = AppIcon;
				ASSETCATALOG_COMPILER_GLOBAL_ACCENT_COLOR_NAME = AccentColor;
				CODE_SIGN_STYLE = Automatic;
				CURRENT_PROJECT_VERSION = 1;
				DEVELOPMENT_ASSET_PATHS = "\"FindTeamer/Preview Content\"";
				ENABLE_PREVIEWS = YES;
				GENERATE_INFOPLIST_FILE = YES;
				INFOPLIST_KEY_UIApplicationSceneManifest_Generation = YES;
				INFOPLIST_KEY_UIApplicationSupportsIndirectInputEvents = YES;
				INFOPLIST_KEY_UILaunchScreen_Generation = YES;
				INFOPLIST_KEY_UISupportedInterfaceOrientations_iPad = "UIInterfaceOrientationPortrait UIInterfaceOrientationPortraitUpsideDown UIInterfaceOrientationLandscapeLeft UIInterfaceOrientationLandscapeRight";
				INFOPLIST_KEY_UISupportedInterfaceOrientations_iPhone = "UIInterfaceOrientationPortrait UIInterfaceOrientationLandscapeLeft UIInterfaceOrientationLandscapeRight";
				LD_RUNPATH_SEARCH_PATHS = (
					"$(inherited)",
					"@executable_path/Frameworks",
				);
				MARKETING_VERSION = 1.0;
				PRODUCT_BUNDLE_IDENTIFIER = findTeamer.FindTeamer;
				PRODUCT_NAME = "$(TARGET_NAME)";
				SWIFT_EMIT_LOC_STRINGS = YES;
				SWIFT_VERSION = 5.0;
				TARGETED_DEVICE_FAMILY = "1,2";
			};
			name = Debug;
		};
		69C92F7D28A3D86F00F2E878 /* Release */ = {
			isa = XCBuildConfiguration;
			buildSettings = {
				ASSETCATALOG_COMPILER_APPICON_NAME = AppIcon;
				ASSETCATALOG_COMPILER_GLOBAL_ACCENT_COLOR_NAME = AccentColor;
				CODE_SIGN_STYLE = Automatic;
				CURRENT_PROJECT_VERSION = 1;
				DEVELOPMENT_ASSET_PATHS = "\"FindTeamer/Preview Content\"";
				ENABLE_PREVIEWS = YES;
				GENERATE_INFOPLIST_FILE = YES;
				INFOPLIST_KEY_UIApplicationSceneManifest_Generation = YES;
				INFOPLIST_KEY_UIApplicationSupportsIndirectInputEvents = YES;
				INFOPLIST_KEY_UILaunchScreen_Generation = YES;
				INFOPLIST_KEY_UISupportedInterfaceOrientations_iPad = "UIInterfaceOrientationPortrait UIInterfaceOrientationPortraitUpsideDown UIInterfaceOrientationLandscapeLeft UIInterfaceOrientationLandscapeRight";
				INFOPLIST_KEY_UISupportedInterfaceOrientations_iPhone = "UIInterfaceOrientationPortrait UIInterfaceOrientationLandscapeLeft UIInterfaceOrientationLandscapeRight";
				LD_RUNPATH_SEARCH_PATHS = (
					"$(inherited)",
					"@executable_path/Frameworks",
				);
				MARKETING_VERSION = 1.0;
				PRODUCT_BUNDLE_IDENTIFIER = findTeamer.FindTeamer;
				PRODUCT_NAME = "$(TARGET_NAME)";
				SWIFT_EMIT_LOC_STRINGS = YES;
				SWIFT_VERSION = 5.0;
				TARGETED_DEVICE_FAMILY = "1,2";
			};
			name = Release;
		};
		69C92F7F28A3D86F00F2E878 /* Debug */ = {
			isa = XCBuildConfiguration;
			buildSettings = {
				ALWAYS_EMBED_SWIFT_STANDARD_LIBRARIES = YES;
				BUNDLE_LOADER = "$(TEST_HOST)";
				CODE_SIGN_STYLE = Automatic;
				CURRENT_PROJECT_VERSION = 1;
				GENERATE_INFOPLIST_FILE = YES;
				IPHONEOS_DEPLOYMENT_TARGET = 15.5;
				MARKETING_VERSION = 1.0;
				PRODUCT_BUNDLE_IDENTIFIER = findTeamer.FindTeamerTests;
				PRODUCT_NAME = "$(TARGET_NAME)";
				SWIFT_EMIT_LOC_STRINGS = NO;
				SWIFT_VERSION = 5.0;
				TARGETED_DEVICE_FAMILY = "1,2";
				TEST_HOST = "$(BUILT_PRODUCTS_DIR)/FindTeamer.app/FindTeamer";
			};
			name = Debug;
		};
		69C92F8028A3D86F00F2E878 /* Release */ = {
			isa = XCBuildConfiguration;
			buildSettings = {
				ALWAYS_EMBED_SWIFT_STANDARD_LIBRARIES = YES;
				BUNDLE_LOADER = "$(TEST_HOST)";
				CODE_SIGN_STYLE = Automatic;
				CURRENT_PROJECT_VERSION = 1;
				GENERATE_INFOPLIST_FILE = YES;
				IPHONEOS_DEPLOYMENT_TARGET = 15.5;
				MARKETING_VERSION = 1.0;
				PRODUCT_BUNDLE_IDENTIFIER = findTeamer.FindTeamerTests;
				PRODUCT_NAME = "$(TARGET_NAME)";
				SWIFT_EMIT_LOC_STRINGS = NO;
				SWIFT_VERSION = 5.0;
				TARGETED_DEVICE_FAMILY = "1,2";
				TEST_HOST = "$(BUILT_PRODUCTS_DIR)/FindTeamer.app/FindTeamer";
			};
			name = Release;
		};
		69C92F8228A3D86F00F2E878 /* Debug */ = {
			isa = XCBuildConfiguration;
			buildSettings = {
				ALWAYS_EMBED_SWIFT_STANDARD_LIBRARIES = YES;
				CODE_SIGN_STYLE = Automatic;
				CURRENT_PROJECT_VERSION = 1;
				GENERATE_INFOPLIST_FILE = YES;
				MARKETING_VERSION = 1.0;
				PRODUCT_BUNDLE_IDENTIFIER = findTeamer.FindTeamerUITests;
				PRODUCT_NAME = "$(TARGET_NAME)";
				SWIFT_EMIT_LOC_STRINGS = NO;
				SWIFT_VERSION = 5.0;
				TARGETED_DEVICE_FAMILY = "1,2";
				TEST_TARGET_NAME = FindTeamer;
			};
			name = Debug;
		};
		69C92F8328A3D86F00F2E878 /* Release */ = {
			isa = XCBuildConfiguration;
			buildSettings = {
				ALWAYS_EMBED_SWIFT_STANDARD_LIBRARIES = YES;
				CODE_SIGN_STYLE = Automatic;
				CURRENT_PROJECT_VERSION = 1;
				GENERATE_INFOPLIST_FILE = YES;
				MARKETING_VERSION = 1.0;
				PRODUCT_BUNDLE_IDENTIFIER = findTeamer.FindTeamerUITests;
				PRODUCT_NAME = "$(TARGET_NAME)";
				SWIFT_EMIT_LOC_STRINGS = NO;
				SWIFT_VERSION = 5.0;
				TARGETED_DEVICE_FAMILY = "1,2";
				TEST_TARGET_NAME = FindTeamer;
			};
			name = Release;
		};
/* End XCBuildConfiguration section */

/* Begin XCConfigurationList section */
		69C92F4D28A3D86D00F2E878 /* Build configuration list for PBXProject "FindTeamer" */ = {
			isa = XCConfigurationList;
			buildConfigurations = (
				69C92F7928A3D86F00F2E878 /* Debug */,
				69C92F7A28A3D86F00F2E878 /* Release */,
			);
			defaultConfigurationIsVisible = 0;
			defaultConfigurationName = Release;
		};
		69C92F7B28A3D86F00F2E878 /* Build configuration list for PBXNativeTarget "FindTeamer" */ = {
			isa = XCConfigurationList;
			buildConfigurations = (
				69C92F7C28A3D86F00F2E878 /* Debug */,
				69C92F7D28A3D86F00F2E878 /* Release */,
			);
			defaultConfigurationIsVisible = 0;
			defaultConfigurationName = Release;
		};
		69C92F7E28A3D86F00F2E878 /* Build configuration list for PBXNativeTarget "FindTeamerTests" */ = {
			isa = XCConfigurationList;
			buildConfigurations = (
				69C92F7F28A3D86F00F2E878 /* Debug */,
				69C92F8028A3D86F00F2E878 /* Release */,
			);
			defaultConfigurationIsVisible = 0;
			defaultConfigurationName = Release;
		};
		69C92F8128A3D86F00F2E878 /* Build configuration list for PBXNativeTarget "FindTeamerUITests" */ = {
			isa = XCConfigurationList;
			buildConfigurations = (
				69C92F8228A3D86F00F2E878 /* Debug */,
				69C92F8328A3D86F00F2E878 /* Release */,
			);
			defaultConfigurationIsVisible = 0;
			defaultConfigurationName = Release;
		};
/* End XCConfigurationList section */

/* Begin XCRemoteSwiftPackageReference section */
		69327C2628AB8BE1004F7C99 /* XCRemoteSwiftPackageReference "firebase-ios-sdk" */ = {
			isa = XCRemoteSwiftPackageReference;
			repositoryURL = "https://github.com/firebase/firebase-ios-sdk";
			requirement = {
				kind = upToNextMajorVersion;
				minimumVersion = 9.0.0;
			};
		};
/* End XCRemoteSwiftPackageReference section */

/* Begin XCSwiftPackageProductDependency section */
		69327C2728AB8BE1004F7C99 /* FirebaseAuth */ = {
			isa = XCSwiftPackageProductDependency;
			package = 69327C2628AB8BE1004F7C99 /* XCRemoteSwiftPackageReference "firebase-ios-sdk" */;
			productName = FirebaseAuth;
		};
/* End XCSwiftPackageProductDependency section */

/* Begin XCVersionGroup section */
		69C92F6028A3D86F00F2E878 /* FindTeamer.xcdatamodeld */ = {
			isa = XCVersionGroup;
			children = (
				69C92F6128A3D86F00F2E878 /* FindTeamer.xcdatamodel */,
			);
			currentVersion = 69C92F6128A3D86F00F2E878 /* FindTeamer.xcdatamodel */;
			path = FindTeamer.xcdatamodeld;
			sourceTree = "<group>";
			versionGroupType = wrapper.xcdatamodel;
		};
/* End XCVersionGroup section */
	};
	rootObject = 69C92F4A28A3D86D00F2E878 /* Project object */;
}
